// !$*UTF8*$!
{
	archiveVersion = 1;
	classes = {
	};
	objectVersion = 52;
	objects = {

/* Begin PBXBuildFile section */
		5202BA24251B1F9F00FCE527 /* AppDelegate.swift in Sources */ = {isa = PBXBuildFile; fileRef = 5202BA23251B1F9F00FCE527 /* AppDelegate.swift */; };
		5202BA26251B1FA000FCE527 /* SceneDelegate.swift in Sources */ = {isa = PBXBuildFile; fileRef = 5202BA25251B1FA000FCE527 /* SceneDelegate.swift */; };
		5202BA28251B1FA000FCE527 /* ContentView.swift in Sources */ = {isa = PBXBuildFile; fileRef = 5202BA27251B1FA000FCE527 /* ContentView.swift */; };
		5202BA2B251B1FA000FCE527 /* Bank_Mestika.xcdatamodeld in Sources */ = {isa = PBXBuildFile; fileRef = 5202BA29251B1FA000FCE527 /* Bank_Mestika.xcdatamodeld */; };
		5202BA2D251B1FA300FCE527 /* Assets.xcassets in Resources */ = {isa = PBXBuildFile; fileRef = 5202BA2C251B1FA300FCE527 /* Assets.xcassets */; };
		5202BA30251B1FA300FCE527 /* Preview Assets.xcassets in Resources */ = {isa = PBXBuildFile; fileRef = 5202BA2F251B1FA300FCE527 /* Preview Assets.xcassets */; };
		5202BA33251B1FA300FCE527 /* LaunchScreen.storyboard in Resources */ = {isa = PBXBuildFile; fileRef = 5202BA31251B1FA300FCE527 /* LaunchScreen.storyboard */; };
		5202BA3E251B1FA300FCE527 /* Bank_MestikaTests.swift in Sources */ = {isa = PBXBuildFile; fileRef = 5202BA3D251B1FA300FCE527 /* Bank_MestikaTests.swift */; };
		5202BA49251B1FA300FCE527 /* Bank_MestikaUITests.swift in Sources */ = {isa = PBXBuildFile; fileRef = 5202BA48251B1FA300FCE527 /* Bank_MestikaUITests.swift */; };
		5202BA5C251B207500FCE527 /* RegisterView.swift in Sources */ = {isa = PBXBuildFile; fileRef = 5202BA5B251B207500FCE527 /* RegisterView.swift */; };
		5202BA65251B26C100FCE527 /* Color+Utils.swift in Sources */ = {isa = PBXBuildFile; fileRef = 5202BA64251B26C100FCE527 /* Color+Utils.swift */; };
		52056D3A252DD366008D99D2 /* RegistrasiModel.swift in Sources */ = {isa = PBXBuildFile; fileRef = 52056D39252DD366008D99D2 /* RegistrasiModel.swift */; };
		521861C8253583AE00C3E824 /* SUImagePickerView.swift in Sources */ = {isa = PBXBuildFile; fileRef = 521861C7253583AE00C3E824 /* SUImagePickerView.swift */; };
		521B5E12253E846F0046A4DF /* URL+Extensions.swift in Sources */ = {isa = PBXBuildFile; fileRef = 521B5E11253E846F0046A4DF /* URL+Extensions.swift */; };
		521B5E1D253E84D50046A4DF /* SliderAssetsResponse.swift in Sources */ = {isa = PBXBuildFile; fileRef = 521B5E1C253E84D50046A4DF /* SliderAssetsResponse.swift */; };
		521B5E2B253E866E0046A4DF /* SliderAssetsViewModel.swift in Sources */ = {isa = PBXBuildFile; fileRef = 521B5E2A253E866E0046A4DF /* SliderAssetsViewModel.swift */; };
		521B5E3E253EBD5A0046A4DF /* RegisterSliderView.swift in Sources */ = {isa = PBXBuildFile; fileRef = 521B5E3D253EBD5A0046A4DF /* RegisterSliderView.swift */; };
		521B5E46253EC19E0046A4DF /* SDWebImageSwiftUI in Frameworks */ = {isa = PBXBuildFile; productRef = 521B5E45253EC19E0046A4DF /* SDWebImageSwiftUI */; };
		521B5E54253EC8F40046A4DF /* NetworkReachbility+Extensions.swift in Sources */ = {isa = PBXBuildFile; fileRef = 521B5E53253EC8F40046A4DF /* NetworkReachbility+Extensions.swift */; };
		521B5E64253ED45A0046A4DF /* StringMasking+Extensions.swift in Sources */ = {isa = PBXBuildFile; fileRef = 521B5E63253ED45A0046A4DF /* StringMasking+Extensions.swift */; };
		521B5E6A253ED6300046A4DF /* LoginBindingModel.swift in Sources */ = {isa = PBXBuildFile; fileRef = 521B5E69253ED6300046A4DF /* LoginBindingModel.swift */; };
		5233DBA2251C7D310064C59D /* KeyboardGuardian.swift in Sources */ = {isa = PBXBuildFile; fileRef = 5233DBA1251C7D310064C59D /* KeyboardGuardian.swift */; };
		5233DBA7251C7F1E0064C59D /* RegisterProvisionView.swift in Sources */ = {isa = PBXBuildFile; fileRef = 5233DBA6251C7F1E0064C59D /* RegisterProvisionView.swift */; };
		5233DBAC251C87CF0064C59D /* PhoneVerificationView.swift in Sources */ = {isa = PBXBuildFile; fileRef = 5233DBAB251C87CF0064C59D /* PhoneVerificationView.swift */; };
		5233DBB1251C95450064C59D /* OTPVerificationView.swift in Sources */ = {isa = PBXBuildFile; fileRef = 5233DBB0251C95450064C59D /* OTPVerificationView.swift */; };
		524F959E252EED26003D7FFF /* AssetsService.swift in Sources */ = {isa = PBXBuildFile; fileRef = 524F959D252EED26003D7FFF /* AssetsService.swift */; };
		524F95B2252EF06F003D7FFF /* LoadingIndicator.swift in Sources */ = {isa = PBXBuildFile; fileRef = 524F95B1252EF06F003D7FFF /* LoadingIndicator.swift */; };
		524F95BD252EF08E003D7FFF /* LoadingView.swift in Sources */ = {isa = PBXBuildFile; fileRef = 524F95BC252EF08E003D7FFF /* LoadingView.swift */; };
		524F95D7252F0A00003D7FFF /* VerifikasiPINView.swift in Sources */ = {isa = PBXBuildFile; fileRef = 524F95D6252F0A00003D7FFF /* VerifikasiPINView.swift */; };
		524F95DC252F0F3E003D7FFF /* IncomingVideoCallView.swift in Sources */ = {isa = PBXBuildFile; fileRef = 524F95DB252F0F3E003D7FFF /* IncomingVideoCallView.swift */; };
		52794BF2252452F80031392E /* PersonalIdentityView.swift in Sources */ = {isa = PBXBuildFile; fileRef = 52794BF1252452F80031392E /* PersonalIdentityView.swift */; };
		52794BFA2524530F0031392E /* Coordinator.swift in Sources */ = {isa = PBXBuildFile; fileRef = 52794BF92524530F0031392E /* Coordinator.swift */; };
		52794BFF2524532D0031392E /* EmailVerificationView.swift in Sources */ = {isa = PBXBuildFile; fileRef = 52794BFE2524532D0031392E /* EmailVerificationView.swift */; };
		52794C0425245C0C0031392E /* EmailConfirmationView.swift in Sources */ = {isa = PBXBuildFile; fileRef = 52794C0325245C0C0031392E /* EmailConfirmationView.swift */; };
		52794C0A25245EE60031392E /* Term&ConditionView.swift in Sources */ = {isa = PBXBuildFile; fileRef = 52794C0925245EE60031392E /* Term&ConditionView.swift */; };
		52794C12252462710031392E /* VerificationDataPersonalView.swift in Sources */ = {isa = PBXBuildFile; fileRef = 52794C11252462710031392E /* VerificationDataPersonalView.swift */; };
		52794C17252468490031392E /* VerificationAddressView.swift in Sources */ = {isa = PBXBuildFile; fileRef = 52794C16252468490031392E /* VerificationAddressView.swift */; };
		52794C21252471370031392E /* VerificationPINView.swift in Sources */ = {isa = PBXBuildFile; fileRef = 52794C20252471370031392E /* VerificationPINView.swift */; };
		52794C26252475290031392E /* InterviewRegistrationView.swift in Sources */ = {isa = PBXBuildFile; fileRef = 52794C25252475290031392E /* InterviewRegistrationView.swift */; };
		527A6B10251B65370030A3E2 /* HostingController+Utils.swift in Sources */ = {isa = PBXBuildFile; fileRef = 527A6B0F251B65370030A3E2 /* HostingController+Utils.swift */; };
		527A6B15251B661B0030A3E2 /* RegisterRekeningCardView.swift in Sources */ = {isa = PBXBuildFile; fileRef = 527A6B14251B661B0030A3E2 /* RegisterRekeningCardView.swift */; };
		527A6B1F251B6EF40030A3E2 /* NavigationConfigurator.swift in Sources */ = {isa = PBXBuildFile; fileRef = 527A6B1E251B6EF40030A3E2 /* NavigationConfigurator.swift */; };
		5294ADE0253431B10075D285 /* FirstLoginView.swift in Sources */ = {isa = PBXBuildFile; fileRef = 5294ADDF253431B10075D285 /* FirstLoginView.swift */; };
		5294ADE5253435B40075D285 /* FirstOTPLoginView.swift in Sources */ = {isa = PBXBuildFile; fileRef = 5294ADE4253435B40075D285 /* FirstOTPLoginView.swift */; };
		5294ADEA253437AE0075D285 /* FirstATMLoginView.swift in Sources */ = {isa = PBXBuildFile; fileRef = 5294ADE9253437AE0075D285 /* FirstATMLoginView.swift */; };
		5294ADEF253439F20075D285 /* FirstPasswordLoginView.swift in Sources */ = {isa = PBXBuildFile; fileRef = 5294ADEE253439F20075D285 /* FirstPasswordLoginView.swift */; };
		5294ADF425343B700075D285 /* LoginView.swift in Sources */ = {isa = PBXBuildFile; fileRef = 5294ADF325343B700075D285 /* LoginView.swift */; };
		52B81E06253064A5002703E3 /* RecognizedText.swift in Sources */ = {isa = PBXBuildFile; fileRef = 52B81E05253064A4002703E3 /* RecognizedText.swift */; };
		52B81E0B2530655E002703E3 /* ScanningView.swift in Sources */ = {isa = PBXBuildFile; fileRef = 52B81E0A2530655E002703E3 /* ScanningView.swift */; };
		52B81E10253065B1002703E3 /* TextRecognizer.swift in Sources */ = {isa = PBXBuildFile; fileRef = 52B81E0F253065B1002703E3 /* TextRecognizer.swift */; };
		52BE52EC25295D8200ADE164 /* tabungan.json in Resources */ = {isa = PBXBuildFile; fileRef = 52BE52EB25295D8200ADE164 /* tabungan.json */; };
		52BE52FF252960C600ADE164 /* JenisTabungan.swift in Sources */ = {isa = PBXBuildFile; fileRef = 52BE52FE252960C600ADE164 /* JenisTabungan.swift */; };
		52BE53042529620900ADE164 /* JenisTabunganData.swift in Sources */ = {isa = PBXBuildFile; fileRef = 52BE53032529620900ADE164 /* JenisTabunganData.swift */; };
		52BE530C2529793800ADE164 /* PasswordView.swift in Sources */ = {isa = PBXBuildFile; fileRef = 52BE530B2529793800ADE164 /* PasswordView.swift */; };
		52BE531125297C3F00ADE164 /* PINView.swift in Sources */ = {isa = PBXBuildFile; fileRef = 52BE531025297C3F00ADE164 /* PINView.swift */; };
		52BE531625297E8600ADE164 /* SuccessRegisterView.swift in Sources */ = {isa = PBXBuildFile; fileRef = 52BE531525297E8600ADE164 /* SuccessRegisterView.swift */; };
		52CB435C252B0DBD001120AA /* UIImage+Utils.swift in Sources */ = {isa = PBXBuildFile; fileRef = 52CB435B252B0DBD001120AA /* UIImage+Utils.swift */; };
		52D2745025258FD200DD1443 /* OTPTextField.swift in Sources */ = {isa = PBXBuildFile; fileRef = 52D2744F25258FD200DD1443 /* OTPTextField.swift */; };
		52D274582525924100DD1443 /* CharacterInputCell.swift in Sources */ = {isa = PBXBuildFile; fileRef = 52D274572525924100DD1443 /* CharacterInputCell.swift */; };
		52D2745D2525ADA100DD1443 /* EmailOTPVerificationView.swift in Sources */ = {isa = PBXBuildFile; fileRef = 52D2745C2525ADA100DD1443 /* EmailOTPVerificationView.swift */; };
		52D274622525AECB00DD1443 /* VerificationRegisterDataView.swift in Sources */ = {isa = PBXBuildFile; fileRef = 52D274612525AECB00DD1443 /* VerificationRegisterDataView.swift */; };
		52D274672525B56C00DD1443 /* ModalOverlay.swift in Sources */ = {isa = PBXBuildFile; fileRef = 52D274662525B56C00DD1443 /* ModalOverlay.swift */; };
		52F01FC3251D94C300B0ABA5 /* ChooseSavingsView.swift in Sources */ = {isa = PBXBuildFile; fileRef = 52F01FC2251D94C300B0ABA5 /* ChooseSavingsView.swift */; };
		52F01FC9251DD6FD00B0ABA5 /* SavingSelectionModalView.swift in Sources */ = {isa = PBXBuildFile; fileRef = 52F01FC8251DD6FD00B0ABA5 /* SavingSelectionModalView.swift */; };
		C00B536825340E6600141070 /* tujuanPembukaanRekening.json in Resources */ = {isa = PBXBuildFile; fileRef = C00B536725340E6600141070 /* tujuanPembukaanRekening.json */; };
		C02A408A252C210900C5CEB1 /* SumberPenyandangDanaView.swift in Sources */ = {isa = PBXBuildFile; fileRef = C02A4089252C210900C5CEB1 /* SumberPenyandangDanaView.swift */; };
		C02D4E31254008A00006B648 /* CardModel.swift in Sources */ = {isa = PBXBuildFile; fileRef = C02D4E30254008A00006B648 /* CardModel.swift */; };
		C02D4E41254009260006B648 /* JenisATMData.swift in Sources */ = {isa = PBXBuildFile; fileRef = C02D4E40254009260006B648 /* JenisATMData.swift */; };
		C02D4E462540093F0006B648 /* DesainATMData.swift in Sources */ = {isa = PBXBuildFile; fileRef = C02D4E452540093F0006B648 /* DesainATMData.swift */; };
		C02D4E5125400C6E0006B648 /* TabItemView.swift in Sources */ = {isa = PBXBuildFile; fileRef = C02D4E5025400C6E0006B648 /* TabItemView.swift */; };
		C02D4E5925400C8D0006B648 /* PilihJenisATMView.swift in Sources */ = {isa = PBXBuildFile; fileRef = C02D4E5825400C8D0006B648 /* PilihJenisATMView.swift */; };
		C02D4E5E25400CFE0006B648 /* DetailJenisATMModel.swift in Sources */ = {isa = PBXBuildFile; fileRef = C02D4E5D25400CFE0006B648 /* DetailJenisATMModel.swift */; };
		C02D4E6325400D160006B648 /* DetailJenisATMData.swift in Sources */ = {isa = PBXBuildFile; fileRef = C02D4E6225400D160006B648 /* DetailJenisATMData.swift */; };
		C02D4E6E25400E080006B648 /* PilihDesainATMView.swift in Sources */ = {isa = PBXBuildFile; fileRef = C02D4E6D25400E080006B648 /* PilihDesainATMView.swift */; };
		C032ADA5252C2B3F002BD8BA /* SumberPendapatanLainnyaView.swift in Sources */ = {isa = PBXBuildFile; fileRef = C032ADA4252C2B3F002BD8BA /* SumberPendapatanLainnyaView.swift */; };
		C04B6FD6252AD5EE00A29A45 /* CheckBoxGroup.swift in Sources */ = {isa = PBXBuildFile; fileRef = C04B6FD5252AD5EE00A29A45 /* CheckBoxGroup.swift */; };
		C0702C552540109800AC993D /* DetailKartuATMView.swift in Sources */ = {isa = PBXBuildFile; fileRef = C0702C542540109800AC993D /* DetailKartuATMView.swift */; };
		C0755903253421760067AF7E /* MasterData.swift in Sources */ = {isa = PBXBuildFile; fileRef = C0755902253421760067AF7E /* MasterData.swift */; };
		C075590D253421FD0067AF7E /* MasterModel.swift in Sources */ = {isa = PBXBuildFile; fileRef = C07558FE2534213B0067AF7E /* MasterModel.swift */; };
		C075591F2534232F0067AF7E /* LoadJson.swift in Sources */ = {isa = PBXBuildFile; fileRef = C075591E2534232F0067AF7E /* LoadJson.swift */; };
		C0755935253424D20067AF7E /* sumberDana.json in Resources */ = {isa = PBXBuildFile; fileRef = C0755934253424D20067AF7E /* sumberDana.json */; };
		C07BD8782548479000BF0BEB /* Montserrat-Bold.ttf in Resources */ = {isa = PBXBuildFile; fileRef = C07BD8772548479000BF0BEB /* Montserrat-Bold.ttf */; };
		C07BD882254847AA00BF0BEB /* Montserrat-SemiBold.ttf in Resources */ = {isa = PBXBuildFile; fileRef = C07BD87C254847AA00BF0BEB /* Montserrat-SemiBold.ttf */; };
		C07BD883254847AA00BF0BEB /* Montserrat-Regular.ttf in Resources */ = {isa = PBXBuildFile; fileRef = C07BD87D254847AA00BF0BEB /* Montserrat-Regular.ttf */; };
		C07BD884254847AA00BF0BEB /* Montserrat-Thin.ttf in Resources */ = {isa = PBXBuildFile; fileRef = C07BD87E254847AA00BF0BEB /* Montserrat-Thin.ttf */; };
		C07BD885254847AA00BF0BEB /* Montserrat-Light.ttf in Resources */ = {isa = PBXBuildFile; fileRef = C07BD87F254847AA00BF0BEB /* Montserrat-Light.ttf */; };
		C07BD886254847AA00BF0BEB /* Montserrat-Medium.ttf in Resources */ = {isa = PBXBuildFile; fileRef = C07BD880254847AA00BF0BEB /* Montserrat-Medium.ttf */; };
		C07BD887254847AA00BF0BEB /* Montserrat-ExtraBold.ttf in Resources */ = {isa = PBXBuildFile; fileRef = C07BD881254847AA00BF0BEB /* Montserrat-ExtraBold.ttf */; };
		C07D410E2547CFE9006A69AD /* FirstCVVLoginView.swift in Sources */ = {isa = PBXBuildFile; fileRef = C07D410D2547CFE9006A69AD /* FirstCVVLoginView.swift */; };
		C094DCD225469E48008E9244 /* ForgotPasswordNoRekeningOrKTPView.swift in Sources */ = {isa = PBXBuildFile; fileRef = C094DCD125469E48008E9244 /* ForgotPasswordNoRekeningOrKTPView.swift */; };
		C094DCDD2546A670008E9244 /* ForgotPasswordInputNewPasswordView.swift in Sources */ = {isa = PBXBuildFile; fileRef = C094DCDC2546A670008E9244 /* ForgotPasswordInputNewPasswordView.swift */; };
		C099F39625269CFF004EFB74 /* TextFieldWithPickerAsInputView.swift in Sources */ = {isa = PBXBuildFile; fileRef = C099F39525269CFF004EFB74 /* TextFieldWithPickerAsInputView.swift */; };
		C09C57DA2521A1CE008AD865 /* InformasiPerusahaanView.swift in Sources */ = {isa = PBXBuildFile; fileRef = C09C57D92521A1CE008AD865 /* InformasiPerusahaanView.swift */; };
		C09EA867252592D5007ABF8A /* RadioButtonGroup.swift in Sources */ = {isa = PBXBuildFile; fileRef = C09EA866252592D5007ABF8A /* RadioButtonGroup.swift */; };
		C09EA86F25259758007ABF8A /* TujuanPembukaanRekeningView.swift in Sources */ = {isa = PBXBuildFile; fileRef = C09EA86E25259758007ABF8A /* TujuanPembukaanRekeningView.swift */; };
		C09EA87C25259C9B007ABF8A /* SumberDanaView.swift in Sources */ = {isa = PBXBuildFile; fileRef = C09EA87B25259C9B007ABF8A /* SumberDanaView.swift */; };
		C09EA8882525A7CC007ABF8A /* PerkiraanPenarikanView.swift in Sources */ = {isa = PBXBuildFile; fileRef = C09EA8872525A7CC007ABF8A /* PerkiraanPenarikanView.swift */; };
		C09EA8902525AAA9007ABF8A /* BesarPerkiraanPenarikanView.swift in Sources */ = {isa = PBXBuildFile; fileRef = C09EA88F2525AAA9007ABF8A /* BesarPerkiraanPenarikanView.swift */; };
		C09EA8982525ABEC007ABF8A /* PerkiraanSetoranView.swift in Sources */ = {isa = PBXBuildFile; fileRef = C09EA8972525ABEC007ABF8A /* PerkiraanSetoranView.swift */; };
		C09EA8A02525AC94007ABF8A /* BesarPerkiraanSetoranView.swift in Sources */ = {isa = PBXBuildFile; fileRef = C09EA89F2525AC94007ABF8A /* BesarPerkiraanSetoranView.swift */; };
		C09EA8B12525AD73007ABF8A /* PerkerjaanView.swift in Sources */ = {isa = PBXBuildFile; fileRef = C09EA8B02525AD73007ABF8A /* PerkerjaanView.swift */; };
		C09EA8BC2525B454007ABF8A /* CornerRadiusStyle.swift in Sources */ = {isa = PBXBuildFile; fileRef = C09EA8BB2525B454007ABF8A /* CornerRadiusStyle.swift */; };
		C0AA672725342D0900DF3F02 /* sumberPendapatanLainnya.json in Resources */ = {isa = PBXBuildFile; fileRef = C0AA671E25342D0900DF3F02 /* sumberPendapatanLainnya.json */; };
		C0AA672825342D0900DF3F02 /* sumberPenyandangDana.json in Resources */ = {isa = PBXBuildFile; fileRef = C0AA671F25342D0900DF3F02 /* sumberPenyandangDana.json */; };
		C0AA672925342D0900DF3F02 /* pekerjaan.json in Resources */ = {isa = PBXBuildFile; fileRef = C0AA672025342D0900DF3F02 /* pekerjaan.json */; };
		C0AA672A25342D0900DF3F02 /* besarPerkiraanSetoran.json in Resources */ = {isa = PBXBuildFile; fileRef = C0AA672125342D0900DF3F02 /* besarPerkiraanSetoran.json */; };
		C0AA672B25342D0900DF3F02 /* perkiraanPenarikan.json in Resources */ = {isa = PBXBuildFile; fileRef = C0AA672225342D0900DF3F02 /* perkiraanPenarikan.json */; };
		C0AA672C25342D0900DF3F02 /* penghasilanKotor.json in Resources */ = {isa = PBXBuildFile; fileRef = C0AA672325342D0900DF3F02 /* penghasilanKotor.json */; };
		C0AA672D25342D0900DF3F02 /* besarPerkiraanPenarikan.json in Resources */ = {isa = PBXBuildFile; fileRef = C0AA672425342D0900DF3F02 /* besarPerkiraanPenarikan.json */; };
		C0AA672E25342D0900DF3F02 /* verificationAddress.json in Resources */ = {isa = PBXBuildFile; fileRef = C0AA672525342D0900DF3F02 /* verificationAddress.json */; };
		C0AA672F25342D0900DF3F02 /* perkiraanSetoran.json in Resources */ = {isa = PBXBuildFile; fileRef = C0AA672625342D0900DF3F02 /* perkiraanSetoran.json */; };
		C0C44EE12524602F002F592B /* KeyboardAwareModifier.swift in Sources */ = {isa = PBXBuildFile; fileRef = C0C44EE02524602E002F592B /* KeyboardAwareModifier.swift */; };
		C0C94DE82522F88F005B811C /* LabelTextField.swift in Sources */ = {isa = PBXBuildFile; fileRef = C0C94DE72522F88F005B811C /* LabelTextField.swift */; };
		C0C94DED252309FE005B811C /* CustomNavigationBarView.swift in Sources */ = {isa = PBXBuildFile; fileRef = C0C94DEC252309FE005B811C /* CustomNavigationBarView.swift */; };
		C0CA1615253441D400A93EF5 /* KeluargaTerdekat.swift in Sources */ = {isa = PBXBuildFile; fileRef = C0CA1614253441D400A93EF5 /* KeluargaTerdekat.swift */; };
		C0E978392524685400FC5BDB /* PenghasilanKotorView.swift in Sources */ = {isa = PBXBuildFile; fileRef = C0E978382524685400FC5BDB /* PenghasilanKotorView.swift */; };
		C0EB9865252C30A400BEBA4F /* TextFieldWithToolBarKeyBoard.swift in Sources */ = {isa = PBXBuildFile; fileRef = C0EB9864252C30A400BEBA4F /* TextFieldWithToolBarKeyBoard.swift */; };
		C0FB3F6C254140E100B98358 /* ForgotPasswordView.swift in Sources */ = {isa = PBXBuildFile; fileRef = C0FB3F6B254140E100B98358 /* ForgotPasswordView.swift */; };
		C0FB3F7B2541492600B98358 /* ForgotPasswordOTPView.swift in Sources */ = {isa = PBXBuildFile; fileRef = C0FB3F7A2541492600B98358 /* ForgotPasswordOTPView.swift */; };
		C0FB3F8025416A6200B98358 /* ForgotPasswordATMPINView.swift in Sources */ = {isa = PBXBuildFile; fileRef = C0FB3F7F25416A6200B98358 /* ForgotPasswordATMPINView.swift */; };
		C0FB3F8525416DCF00B98358 /* ForgotPasswordResetPasswordView.swift in Sources */ = {isa = PBXBuildFile; fileRef = C0FB3F8425416DCF00B98358 /* ForgotPasswordResetPasswordView.swift */; };
		FA60340F070F2764EC457BF0 /* Pods_Bank_Mestika.framework in Frameworks */ = {isa = PBXBuildFile; fileRef = 1CEBBC9D36209243AEC88C34 /* Pods_Bank_Mestika.framework */; };
/* End PBXBuildFile section */

/* Begin PBXContainerItemProxy section */
		5202BA3A251B1FA300FCE527 /* PBXContainerItemProxy */ = {
			isa = PBXContainerItemProxy;
			containerPortal = 5202BA18251B1F9F00FCE527 /* Project object */;
			proxyType = 1;
			remoteGlobalIDString = 5202BA1F251B1F9F00FCE527;
			remoteInfo = "Bank Mestika";
		};
		5202BA45251B1FA300FCE527 /* PBXContainerItemProxy */ = {
			isa = PBXContainerItemProxy;
			containerPortal = 5202BA18251B1F9F00FCE527 /* Project object */;
			proxyType = 1;
			remoteGlobalIDString = 5202BA1F251B1F9F00FCE527;
			remoteInfo = "Bank Mestika";
		};
/* End PBXContainerItemProxy section */

/* Begin PBXFileReference section */
		097106FDB210857F3803742F /* Pods-Bank Mestika.debug.xcconfig */ = {isa = PBXFileReference; includeInIndex = 1; lastKnownFileType = text.xcconfig; name = "Pods-Bank Mestika.debug.xcconfig"; path = "Target Support Files/Pods-Bank Mestika/Pods-Bank Mestika.debug.xcconfig"; sourceTree = "<group>"; };
		1CEBBC9D36209243AEC88C34 /* Pods_Bank_Mestika.framework */ = {isa = PBXFileReference; explicitFileType = wrapper.framework; includeInIndex = 0; path = Pods_Bank_Mestika.framework; sourceTree = BUILT_PRODUCTS_DIR; };
		5202BA20251B1F9F00FCE527 /* Bank Mestika.app */ = {isa = PBXFileReference; explicitFileType = wrapper.application; includeInIndex = 0; path = "Bank Mestika.app"; sourceTree = BUILT_PRODUCTS_DIR; };
		5202BA23251B1F9F00FCE527 /* AppDelegate.swift */ = {isa = PBXFileReference; lastKnownFileType = sourcecode.swift; path = AppDelegate.swift; sourceTree = "<group>"; };
		5202BA25251B1FA000FCE527 /* SceneDelegate.swift */ = {isa = PBXFileReference; lastKnownFileType = sourcecode.swift; path = SceneDelegate.swift; sourceTree = "<group>"; };
		5202BA27251B1FA000FCE527 /* ContentView.swift */ = {isa = PBXFileReference; lastKnownFileType = sourcecode.swift; path = ContentView.swift; sourceTree = "<group>"; };
		5202BA2A251B1FA000FCE527 /* Bank_Mestika.xcdatamodel */ = {isa = PBXFileReference; lastKnownFileType = wrapper.xcdatamodel; path = Bank_Mestika.xcdatamodel; sourceTree = "<group>"; };
		5202BA2C251B1FA300FCE527 /* Assets.xcassets */ = {isa = PBXFileReference; lastKnownFileType = folder.assetcatalog; path = Assets.xcassets; sourceTree = "<group>"; };
		5202BA2F251B1FA300FCE527 /* Preview Assets.xcassets */ = {isa = PBXFileReference; lastKnownFileType = folder.assetcatalog; path = "Preview Assets.xcassets"; sourceTree = "<group>"; };
		5202BA32251B1FA300FCE527 /* Base */ = {isa = PBXFileReference; lastKnownFileType = file.storyboard; name = Base; path = Base.lproj/LaunchScreen.storyboard; sourceTree = "<group>"; };
		5202BA34251B1FA300FCE527 /* Info.plist */ = {isa = PBXFileReference; lastKnownFileType = text.plist.xml; path = Info.plist; sourceTree = "<group>"; };
		5202BA39251B1FA300FCE527 /* Bank MestikaTests.xctest */ = {isa = PBXFileReference; explicitFileType = wrapper.cfbundle; includeInIndex = 0; path = "Bank MestikaTests.xctest"; sourceTree = BUILT_PRODUCTS_DIR; };
		5202BA3D251B1FA300FCE527 /* Bank_MestikaTests.swift */ = {isa = PBXFileReference; lastKnownFileType = sourcecode.swift; path = Bank_MestikaTests.swift; sourceTree = "<group>"; };
		5202BA3F251B1FA300FCE527 /* Info.plist */ = {isa = PBXFileReference; lastKnownFileType = text.plist.xml; path = Info.plist; sourceTree = "<group>"; };
		5202BA44251B1FA300FCE527 /* Bank MestikaUITests.xctest */ = {isa = PBXFileReference; explicitFileType = wrapper.cfbundle; includeInIndex = 0; path = "Bank MestikaUITests.xctest"; sourceTree = BUILT_PRODUCTS_DIR; };
		5202BA48251B1FA300FCE527 /* Bank_MestikaUITests.swift */ = {isa = PBXFileReference; lastKnownFileType = sourcecode.swift; path = Bank_MestikaUITests.swift; sourceTree = "<group>"; };
		5202BA4A251B1FA300FCE527 /* Info.plist */ = {isa = PBXFileReference; lastKnownFileType = text.plist.xml; path = Info.plist; sourceTree = "<group>"; };
		5202BA5B251B207500FCE527 /* RegisterView.swift */ = {isa = PBXFileReference; lastKnownFileType = sourcecode.swift; path = RegisterView.swift; sourceTree = "<group>"; };
		5202BA64251B26C100FCE527 /* Color+Utils.swift */ = {isa = PBXFileReference; lastKnownFileType = sourcecode.swift; path = "Color+Utils.swift"; sourceTree = "<group>"; };
		52056D39252DD366008D99D2 /* RegistrasiModel.swift */ = {isa = PBXFileReference; lastKnownFileType = sourcecode.swift; path = RegistrasiModel.swift; sourceTree = "<group>"; };
		521861C7253583AE00C3E824 /* SUImagePickerView.swift */ = {isa = PBXFileReference; lastKnownFileType = sourcecode.swift; path = SUImagePickerView.swift; sourceTree = "<group>"; };
		521B5E11253E846F0046A4DF /* URL+Extensions.swift */ = {isa = PBXFileReference; lastKnownFileType = sourcecode.swift; path = "URL+Extensions.swift"; sourceTree = "<group>"; };
		521B5E1C253E84D50046A4DF /* SliderAssetsResponse.swift */ = {isa = PBXFileReference; lastKnownFileType = sourcecode.swift; path = SliderAssetsResponse.swift; sourceTree = "<group>"; };
		521B5E2A253E866E0046A4DF /* SliderAssetsViewModel.swift */ = {isa = PBXFileReference; lastKnownFileType = sourcecode.swift; path = SliderAssetsViewModel.swift; sourceTree = "<group>"; };
		521B5E3D253EBD5A0046A4DF /* RegisterSliderView.swift */ = {isa = PBXFileReference; lastKnownFileType = sourcecode.swift; path = RegisterSliderView.swift; sourceTree = "<group>"; };
		521B5E53253EC8F40046A4DF /* NetworkReachbility+Extensions.swift */ = {isa = PBXFileReference; lastKnownFileType = sourcecode.swift; path = "NetworkReachbility+Extensions.swift"; sourceTree = "<group>"; };
		521B5E63253ED45A0046A4DF /* StringMasking+Extensions.swift */ = {isa = PBXFileReference; lastKnownFileType = sourcecode.swift; path = "StringMasking+Extensions.swift"; sourceTree = "<group>"; };
		521B5E69253ED6300046A4DF /* LoginBindingModel.swift */ = {isa = PBXFileReference; lastKnownFileType = sourcecode.swift; path = LoginBindingModel.swift; sourceTree = "<group>"; };
		5233DBA1251C7D310064C59D /* KeyboardGuardian.swift */ = {isa = PBXFileReference; lastKnownFileType = sourcecode.swift; path = KeyboardGuardian.swift; sourceTree = "<group>"; };
		5233DBA6251C7F1E0064C59D /* RegisterProvisionView.swift */ = {isa = PBXFileReference; lastKnownFileType = sourcecode.swift; path = RegisterProvisionView.swift; sourceTree = "<group>"; };
		5233DBAB251C87CF0064C59D /* PhoneVerificationView.swift */ = {isa = PBXFileReference; lastKnownFileType = sourcecode.swift; path = PhoneVerificationView.swift; sourceTree = "<group>"; };
		5233DBB0251C95450064C59D /* OTPVerificationView.swift */ = {isa = PBXFileReference; lastKnownFileType = sourcecode.swift; path = OTPVerificationView.swift; sourceTree = "<group>"; };
		524F959D252EED26003D7FFF /* AssetsService.swift */ = {isa = PBXFileReference; lastKnownFileType = sourcecode.swift; path = AssetsService.swift; sourceTree = "<group>"; };
		524F95B1252EF06F003D7FFF /* LoadingIndicator.swift */ = {isa = PBXFileReference; lastKnownFileType = sourcecode.swift; path = LoadingIndicator.swift; sourceTree = "<group>"; };
		524F95BC252EF08E003D7FFF /* LoadingView.swift */ = {isa = PBXFileReference; lastKnownFileType = sourcecode.swift; path = LoadingView.swift; sourceTree = "<group>"; };
		524F95D6252F0A00003D7FFF /* VerifikasiPINView.swift */ = {isa = PBXFileReference; lastKnownFileType = sourcecode.swift; path = VerifikasiPINView.swift; sourceTree = "<group>"; };
		524F95DB252F0F3E003D7FFF /* IncomingVideoCallView.swift */ = {isa = PBXFileReference; lastKnownFileType = sourcecode.swift; path = IncomingVideoCallView.swift; sourceTree = "<group>"; };
		52794BF1252452F80031392E /* PersonalIdentityView.swift */ = {isa = PBXFileReference; lastKnownFileType = sourcecode.swift; path = PersonalIdentityView.swift; sourceTree = "<group>"; };
		52794BF92524530F0031392E /* Coordinator.swift */ = {isa = PBXFileReference; lastKnownFileType = sourcecode.swift; path = Coordinator.swift; sourceTree = "<group>"; };
		52794BFE2524532D0031392E /* EmailVerificationView.swift */ = {isa = PBXFileReference; lastKnownFileType = sourcecode.swift; path = EmailVerificationView.swift; sourceTree = "<group>"; };
		52794C0325245C0C0031392E /* EmailConfirmationView.swift */ = {isa = PBXFileReference; lastKnownFileType = sourcecode.swift; path = EmailConfirmationView.swift; sourceTree = "<group>"; };
		52794C0925245EE60031392E /* Term&ConditionView.swift */ = {isa = PBXFileReference; lastKnownFileType = sourcecode.swift; path = "Term&ConditionView.swift"; sourceTree = "<group>"; };
		52794C11252462710031392E /* VerificationDataPersonalView.swift */ = {isa = PBXFileReference; lastKnownFileType = sourcecode.swift; path = VerificationDataPersonalView.swift; sourceTree = "<group>"; };
		52794C16252468490031392E /* VerificationAddressView.swift */ = {isa = PBXFileReference; lastKnownFileType = sourcecode.swift; path = VerificationAddressView.swift; sourceTree = "<group>"; };
		52794C20252471370031392E /* VerificationPINView.swift */ = {isa = PBXFileReference; lastKnownFileType = sourcecode.swift; path = VerificationPINView.swift; sourceTree = "<group>"; };
		52794C25252475290031392E /* InterviewRegistrationView.swift */ = {isa = PBXFileReference; lastKnownFileType = sourcecode.swift; path = InterviewRegistrationView.swift; sourceTree = "<group>"; };
		527A6B0F251B65370030A3E2 /* HostingController+Utils.swift */ = {isa = PBXFileReference; lastKnownFileType = sourcecode.swift; path = "HostingController+Utils.swift"; sourceTree = "<group>"; };
		527A6B14251B661B0030A3E2 /* RegisterRekeningCardView.swift */ = {isa = PBXFileReference; lastKnownFileType = sourcecode.swift; path = RegisterRekeningCardView.swift; sourceTree = "<group>"; };
		527A6B1E251B6EF40030A3E2 /* NavigationConfigurator.swift */ = {isa = PBXFileReference; lastKnownFileType = sourcecode.swift; path = NavigationConfigurator.swift; sourceTree = "<group>"; };
		5294ADDF253431B10075D285 /* FirstLoginView.swift */ = {isa = PBXFileReference; lastKnownFileType = sourcecode.swift; path = FirstLoginView.swift; sourceTree = "<group>"; };
		5294ADE4253435B40075D285 /* FirstOTPLoginView.swift */ = {isa = PBXFileReference; lastKnownFileType = sourcecode.swift; path = FirstOTPLoginView.swift; sourceTree = "<group>"; };
		5294ADE9253437AE0075D285 /* FirstATMLoginView.swift */ = {isa = PBXFileReference; lastKnownFileType = sourcecode.swift; path = FirstATMLoginView.swift; sourceTree = "<group>"; };
		5294ADEE253439F20075D285 /* FirstPasswordLoginView.swift */ = {isa = PBXFileReference; lastKnownFileType = sourcecode.swift; path = FirstPasswordLoginView.swift; sourceTree = "<group>"; };
		5294ADF325343B700075D285 /* LoginView.swift */ = {isa = PBXFileReference; lastKnownFileType = sourcecode.swift; path = LoginView.swift; sourceTree = "<group>"; };
		52B81E05253064A4002703E3 /* RecognizedText.swift */ = {isa = PBXFileReference; lastKnownFileType = sourcecode.swift; path = RecognizedText.swift; sourceTree = "<group>"; };
		52B81E0A2530655E002703E3 /* ScanningView.swift */ = {isa = PBXFileReference; lastKnownFileType = sourcecode.swift; path = ScanningView.swift; sourceTree = "<group>"; };
		52B81E0F253065B1002703E3 /* TextRecognizer.swift */ = {isa = PBXFileReference; lastKnownFileType = sourcecode.swift; path = TextRecognizer.swift; sourceTree = "<group>"; };
		52BE52EB25295D8200ADE164 /* tabungan.json */ = {isa = PBXFileReference; lastKnownFileType = text.json; path = tabungan.json; sourceTree = "<group>"; };
		52BE52FE252960C600ADE164 /* JenisTabungan.swift */ = {isa = PBXFileReference; lastKnownFileType = sourcecode.swift; path = JenisTabungan.swift; sourceTree = "<group>"; };
		52BE53032529620900ADE164 /* JenisTabunganData.swift */ = {isa = PBXFileReference; lastKnownFileType = sourcecode.swift; path = JenisTabunganData.swift; sourceTree = "<group>"; };
		52BE530B2529793800ADE164 /* PasswordView.swift */ = {isa = PBXFileReference; lastKnownFileType = sourcecode.swift; path = PasswordView.swift; sourceTree = "<group>"; };
		52BE531025297C3F00ADE164 /* PINView.swift */ = {isa = PBXFileReference; lastKnownFileType = sourcecode.swift; path = PINView.swift; sourceTree = "<group>"; };
		52BE531525297E8600ADE164 /* SuccessRegisterView.swift */ = {isa = PBXFileReference; lastKnownFileType = sourcecode.swift; path = SuccessRegisterView.swift; sourceTree = "<group>"; };
		52CB435B252B0DBD001120AA /* UIImage+Utils.swift */ = {isa = PBXFileReference; lastKnownFileType = sourcecode.swift; path = "UIImage+Utils.swift"; sourceTree = "<group>"; };
		52D2744F25258FD200DD1443 /* OTPTextField.swift */ = {isa = PBXFileReference; lastKnownFileType = sourcecode.swift; path = OTPTextField.swift; sourceTree = "<group>"; };
		52D274572525924100DD1443 /* CharacterInputCell.swift */ = {isa = PBXFileReference; lastKnownFileType = sourcecode.swift; path = CharacterInputCell.swift; sourceTree = "<group>"; };
		52D2745C2525ADA100DD1443 /* EmailOTPVerificationView.swift */ = {isa = PBXFileReference; lastKnownFileType = sourcecode.swift; path = EmailOTPVerificationView.swift; sourceTree = "<group>"; };
		52D274612525AECB00DD1443 /* VerificationRegisterDataView.swift */ = {isa = PBXFileReference; lastKnownFileType = sourcecode.swift; path = VerificationRegisterDataView.swift; sourceTree = "<group>"; };
		52D274662525B56C00DD1443 /* ModalOverlay.swift */ = {isa = PBXFileReference; lastKnownFileType = sourcecode.swift; path = ModalOverlay.swift; sourceTree = "<group>"; };
		52F01FC2251D94C300B0ABA5 /* ChooseSavingsView.swift */ = {isa = PBXFileReference; lastKnownFileType = sourcecode.swift; path = ChooseSavingsView.swift; sourceTree = "<group>"; };
		52F01FC8251DD6FD00B0ABA5 /* SavingSelectionModalView.swift */ = {isa = PBXFileReference; lastKnownFileType = sourcecode.swift; path = SavingSelectionModalView.swift; sourceTree = "<group>"; };
		664167E6493D4E103BFEB59F /* Pods-Bank Mestika.release.xcconfig */ = {isa = PBXFileReference; includeInIndex = 1; lastKnownFileType = text.xcconfig; name = "Pods-Bank Mestika.release.xcconfig"; path = "Target Support Files/Pods-Bank Mestika/Pods-Bank Mestika.release.xcconfig"; sourceTree = "<group>"; };
		C00B536325340A7A00141070 /* masterData.json */ = {isa = PBXFileReference; lastKnownFileType = text.json; path = masterData.json; sourceTree = "<group>"; };
		C00B536725340E6600141070 /* tujuanPembukaanRekening.json */ = {isa = PBXFileReference; fileEncoding = 4; lastKnownFileType = text.json; path = tujuanPembukaanRekening.json; sourceTree = "<group>"; };
		C02A4089252C210900C5CEB1 /* SumberPenyandangDanaView.swift */ = {isa = PBXFileReference; lastKnownFileType = sourcecode.swift; path = SumberPenyandangDanaView.swift; sourceTree = "<group>"; };
		C02D4E30254008A00006B648 /* CardModel.swift */ = {isa = PBXFileReference; lastKnownFileType = sourcecode.swift; path = CardModel.swift; sourceTree = "<group>"; };
		C02D4E40254009260006B648 /* JenisATMData.swift */ = {isa = PBXFileReference; lastKnownFileType = sourcecode.swift; path = JenisATMData.swift; sourceTree = "<group>"; };
		C02D4E452540093F0006B648 /* DesainATMData.swift */ = {isa = PBXFileReference; lastKnownFileType = sourcecode.swift; path = DesainATMData.swift; sourceTree = "<group>"; };
		C02D4E5025400C6E0006B648 /* TabItemView.swift */ = {isa = PBXFileReference; lastKnownFileType = sourcecode.swift; path = TabItemView.swift; sourceTree = "<group>"; };
		C02D4E5825400C8D0006B648 /* PilihJenisATMView.swift */ = {isa = PBXFileReference; lastKnownFileType = sourcecode.swift; path = PilihJenisATMView.swift; sourceTree = "<group>"; };
		C02D4E5D25400CFE0006B648 /* DetailJenisATMModel.swift */ = {isa = PBXFileReference; lastKnownFileType = sourcecode.swift; path = DetailJenisATMModel.swift; sourceTree = "<group>"; };
		C02D4E6225400D160006B648 /* DetailJenisATMData.swift */ = {isa = PBXFileReference; lastKnownFileType = sourcecode.swift; path = DetailJenisATMData.swift; sourceTree = "<group>"; };
		C02D4E6D25400E080006B648 /* PilihDesainATMView.swift */ = {isa = PBXFileReference; lastKnownFileType = sourcecode.swift; path = PilihDesainATMView.swift; sourceTree = "<group>"; };
		C032ADA4252C2B3F002BD8BA /* SumberPendapatanLainnyaView.swift */ = {isa = PBXFileReference; lastKnownFileType = sourcecode.swift; path = SumberPendapatanLainnyaView.swift; sourceTree = "<group>"; };
		C04B6FD5252AD5EE00A29A45 /* CheckBoxGroup.swift */ = {isa = PBXFileReference; lastKnownFileType = sourcecode.swift; path = CheckBoxGroup.swift; sourceTree = "<group>"; };
		C0702C542540109800AC993D /* DetailKartuATMView.swift */ = {isa = PBXFileReference; lastKnownFileType = sourcecode.swift; path = DetailKartuATMView.swift; sourceTree = "<group>"; };
		C07558FE2534213B0067AF7E /* MasterModel.swift */ = {isa = PBXFileReference; lastKnownFileType = sourcecode.swift; path = MasterModel.swift; sourceTree = "<group>"; };
		C0755902253421760067AF7E /* MasterData.swift */ = {isa = PBXFileReference; lastKnownFileType = sourcecode.swift; path = MasterData.swift; sourceTree = "<group>"; };
		C075591E2534232F0067AF7E /* LoadJson.swift */ = {isa = PBXFileReference; lastKnownFileType = sourcecode.swift; path = LoadJson.swift; sourceTree = "<group>"; };
		C0755934253424D20067AF7E /* sumberDana.json */ = {isa = PBXFileReference; fileEncoding = 4; lastKnownFileType = text.json; path = sumberDana.json; sourceTree = "<group>"; };
		C07BD8772548479000BF0BEB /* Montserrat-Bold.ttf */ = {isa = PBXFileReference; lastKnownFileType = file; path = "Montserrat-Bold.ttf"; sourceTree = "<group>"; };
		C07BD87C254847AA00BF0BEB /* Montserrat-SemiBold.ttf */ = {isa = PBXFileReference; lastKnownFileType = file; path = "Montserrat-SemiBold.ttf"; sourceTree = "<group>"; };
		C07BD87D254847AA00BF0BEB /* Montserrat-Regular.ttf */ = {isa = PBXFileReference; lastKnownFileType = file; path = "Montserrat-Regular.ttf"; sourceTree = "<group>"; };
		C07BD87E254847AA00BF0BEB /* Montserrat-Thin.ttf */ = {isa = PBXFileReference; lastKnownFileType = file; path = "Montserrat-Thin.ttf"; sourceTree = "<group>"; };
		C07BD87F254847AA00BF0BEB /* Montserrat-Light.ttf */ = {isa = PBXFileReference; lastKnownFileType = file; path = "Montserrat-Light.ttf"; sourceTree = "<group>"; };
		C07BD880254847AA00BF0BEB /* Montserrat-Medium.ttf */ = {isa = PBXFileReference; lastKnownFileType = file; path = "Montserrat-Medium.ttf"; sourceTree = "<group>"; };
		C07BD881254847AA00BF0BEB /* Montserrat-ExtraBold.ttf */ = {isa = PBXFileReference; lastKnownFileType = file; path = "Montserrat-ExtraBold.ttf"; sourceTree = "<group>"; };
		C07D410D2547CFE9006A69AD /* FirstCVVLoginView.swift */ = {isa = PBXFileReference; lastKnownFileType = sourcecode.swift; path = FirstCVVLoginView.swift; sourceTree = "<group>"; };
		C094DCD125469E48008E9244 /* ForgotPasswordNoRekeningOrKTPView.swift */ = {isa = PBXFileReference; lastKnownFileType = sourcecode.swift; path = ForgotPasswordNoRekeningOrKTPView.swift; sourceTree = "<group>"; };
		C094DCDC2546A670008E9244 /* ForgotPasswordInputNewPasswordView.swift */ = {isa = PBXFileReference; lastKnownFileType = sourcecode.swift; path = ForgotPasswordInputNewPasswordView.swift; sourceTree = "<group>"; };
		C099F39525269CFF004EFB74 /* TextFieldWithPickerAsInputView.swift */ = {isa = PBXFileReference; lastKnownFileType = sourcecode.swift; path = TextFieldWithPickerAsInputView.swift; sourceTree = "<group>"; };
		C09C57D92521A1CE008AD865 /* InformasiPerusahaanView.swift */ = {isa = PBXFileReference; lastKnownFileType = sourcecode.swift; path = InformasiPerusahaanView.swift; sourceTree = "<group>"; };
		C09EA866252592D5007ABF8A /* RadioButtonGroup.swift */ = {isa = PBXFileReference; lastKnownFileType = sourcecode.swift; path = RadioButtonGroup.swift; sourceTree = "<group>"; };
		C09EA86E25259758007ABF8A /* TujuanPembukaanRekeningView.swift */ = {isa = PBXFileReference; lastKnownFileType = sourcecode.swift; path = TujuanPembukaanRekeningView.swift; sourceTree = "<group>"; };
		C09EA87B25259C9B007ABF8A /* SumberDanaView.swift */ = {isa = PBXFileReference; lastKnownFileType = sourcecode.swift; path = SumberDanaView.swift; sourceTree = "<group>"; };
		C09EA8872525A7CC007ABF8A /* PerkiraanPenarikanView.swift */ = {isa = PBXFileReference; lastKnownFileType = sourcecode.swift; path = PerkiraanPenarikanView.swift; sourceTree = "<group>"; };
		C09EA88F2525AAA9007ABF8A /* BesarPerkiraanPenarikanView.swift */ = {isa = PBXFileReference; lastKnownFileType = sourcecode.swift; path = BesarPerkiraanPenarikanView.swift; sourceTree = "<group>"; };
		C09EA8972525ABEC007ABF8A /* PerkiraanSetoranView.swift */ = {isa = PBXFileReference; lastKnownFileType = sourcecode.swift; path = PerkiraanSetoranView.swift; sourceTree = "<group>"; };
		C09EA89F2525AC94007ABF8A /* BesarPerkiraanSetoranView.swift */ = {isa = PBXFileReference; lastKnownFileType = sourcecode.swift; path = BesarPerkiraanSetoranView.swift; sourceTree = "<group>"; };
		C09EA8B02525AD73007ABF8A /* PerkerjaanView.swift */ = {isa = PBXFileReference; lastKnownFileType = sourcecode.swift; path = PerkerjaanView.swift; sourceTree = "<group>"; };
		C09EA8BB2525B454007ABF8A /* CornerRadiusStyle.swift */ = {isa = PBXFileReference; lastKnownFileType = sourcecode.swift; path = CornerRadiusStyle.swift; sourceTree = "<group>"; };
		C0AA671E25342D0900DF3F02 /* sumberPendapatanLainnya.json */ = {isa = PBXFileReference; fileEncoding = 4; lastKnownFileType = text.json; path = sumberPendapatanLainnya.json; sourceTree = "<group>"; };
		C0AA671F25342D0900DF3F02 /* sumberPenyandangDana.json */ = {isa = PBXFileReference; fileEncoding = 4; lastKnownFileType = text.json; path = sumberPenyandangDana.json; sourceTree = "<group>"; };
		C0AA672025342D0900DF3F02 /* pekerjaan.json */ = {isa = PBXFileReference; fileEncoding = 4; lastKnownFileType = text.json; path = pekerjaan.json; sourceTree = "<group>"; };
		C0AA672125342D0900DF3F02 /* besarPerkiraanSetoran.json */ = {isa = PBXFileReference; fileEncoding = 4; lastKnownFileType = text.json; path = besarPerkiraanSetoran.json; sourceTree = "<group>"; };
		C0AA672225342D0900DF3F02 /* perkiraanPenarikan.json */ = {isa = PBXFileReference; fileEncoding = 4; lastKnownFileType = text.json; path = perkiraanPenarikan.json; sourceTree = "<group>"; };
		C0AA672325342D0900DF3F02 /* penghasilanKotor.json */ = {isa = PBXFileReference; fileEncoding = 4; lastKnownFileType = text.json; path = penghasilanKotor.json; sourceTree = "<group>"; };
		C0AA672425342D0900DF3F02 /* besarPerkiraanPenarikan.json */ = {isa = PBXFileReference; fileEncoding = 4; lastKnownFileType = text.json; path = besarPerkiraanPenarikan.json; sourceTree = "<group>"; };
		C0AA672525342D0900DF3F02 /* verificationAddress.json */ = {isa = PBXFileReference; fileEncoding = 4; lastKnownFileType = text.json; path = verificationAddress.json; sourceTree = "<group>"; };
		C0AA672625342D0900DF3F02 /* perkiraanSetoran.json */ = {isa = PBXFileReference; fileEncoding = 4; lastKnownFileType = text.json; path = perkiraanSetoran.json; sourceTree = "<group>"; };
		C0C44EE02524602E002F592B /* KeyboardAwareModifier.swift */ = {isa = PBXFileReference; lastKnownFileType = sourcecode.swift; path = KeyboardAwareModifier.swift; sourceTree = "<group>"; };
		C0C94DE72522F88F005B811C /* LabelTextField.swift */ = {isa = PBXFileReference; lastKnownFileType = sourcecode.swift; path = LabelTextField.swift; sourceTree = "<group>"; };
		C0C94DEC252309FE005B811C /* CustomNavigationBarView.swift */ = {isa = PBXFileReference; lastKnownFileType = sourcecode.swift; path = CustomNavigationBarView.swift; sourceTree = "<group>"; };
		C0CA1614253441D400A93EF5 /* KeluargaTerdekat.swift */ = {isa = PBXFileReference; lastKnownFileType = sourcecode.swift; path = KeluargaTerdekat.swift; sourceTree = "<group>"; };
		C0E978382524685400FC5BDB /* PenghasilanKotorView.swift */ = {isa = PBXFileReference; lastKnownFileType = sourcecode.swift; path = PenghasilanKotorView.swift; sourceTree = "<group>"; };
		C0EB9864252C30A400BEBA4F /* TextFieldWithToolBarKeyBoard.swift */ = {isa = PBXFileReference; lastKnownFileType = sourcecode.swift; path = TextFieldWithToolBarKeyBoard.swift; sourceTree = "<group>"; };
		C0FB3F6B254140E100B98358 /* ForgotPasswordView.swift */ = {isa = PBXFileReference; lastKnownFileType = sourcecode.swift; path = ForgotPasswordView.swift; sourceTree = "<group>"; };
		C0FB3F7A2541492600B98358 /* ForgotPasswordOTPView.swift */ = {isa = PBXFileReference; lastKnownFileType = sourcecode.swift; path = ForgotPasswordOTPView.swift; sourceTree = "<group>"; };
		C0FB3F7F25416A6200B98358 /* ForgotPasswordATMPINView.swift */ = {isa = PBXFileReference; lastKnownFileType = sourcecode.swift; path = ForgotPasswordATMPINView.swift; sourceTree = "<group>"; };
		C0FB3F8425416DCF00B98358 /* ForgotPasswordResetPasswordView.swift */ = {isa = PBXFileReference; lastKnownFileType = sourcecode.swift; path = ForgotPasswordResetPasswordView.swift; sourceTree = "<group>"; };
/* End PBXFileReference section */

/* Begin PBXFrameworksBuildPhase section */
		5202BA1D251B1F9F00FCE527 /* Frameworks */ = {
			isa = PBXFrameworksBuildPhase;
			buildActionMask = 2147483647;
			files = (
				521B5E46253EC19E0046A4DF /* SDWebImageSwiftUI in Frameworks */,
				FA60340F070F2764EC457BF0 /* Pods_Bank_Mestika.framework in Frameworks */,
			);
			runOnlyForDeploymentPostprocessing = 0;
		};
		5202BA36251B1FA300FCE527 /* Frameworks */ = {
			isa = PBXFrameworksBuildPhase;
			buildActionMask = 2147483647;
			files = (
			);
			runOnlyForDeploymentPostprocessing = 0;
		};
		5202BA41251B1FA300FCE527 /* Frameworks */ = {
			isa = PBXFrameworksBuildPhase;
			buildActionMask = 2147483647;
			files = (
			);
			runOnlyForDeploymentPostprocessing = 0;
		};
/* End PBXFrameworksBuildPhase section */

/* Begin PBXGroup section */
		5202BA17251B1F9F00FCE527 = {
			isa = PBXGroup;
			children = (
				5202BA22251B1F9F00FCE527 /* Bank Mestika */,
				5202BA3C251B1FA300FCE527 /* Bank MestikaTests */,
				5202BA47251B1FA300FCE527 /* Bank MestikaUITests */,
				5202BA21251B1F9F00FCE527 /* Products */,
				81CF23F36FEDC52B37442051 /* Pods */,
				7BE233D2DFB3206B5AA1F279 /* Frameworks */,
			);
			sourceTree = "<group>";
		};
		5202BA21251B1F9F00FCE527 /* Products */ = {
			isa = PBXGroup;
			children = (
				5202BA20251B1F9F00FCE527 /* Bank Mestika.app */,
				5202BA39251B1FA300FCE527 /* Bank MestikaTests.xctest */,
				5202BA44251B1FA300FCE527 /* Bank MestikaUITests.xctest */,
			);
			name = Products;
			sourceTree = "<group>";
		};
		5202BA22251B1F9F00FCE527 /* Bank Mestika */ = {
			isa = PBXGroup;
			children = (
				521B5E10253E844F0046A4DF /* Extensions */,
				52B81DFC2530328B002703E3 /* ViewModel */,
				524F9594252EECC8003D7FFF /* Services */,
				524F958D252EEB0F003D7FFF /* Resources */,
				524F958C252EEAF4003D7FFF /* Main */,
				52BE52E925295D3B00ADE164 /* Model */,
				5202BA63251B269100FCE527 /* Utils */,
				5202BA59251B1FDB00FCE527 /* UI */,
				5202BA29251B1FA000FCE527 /* Bank_Mestika.xcdatamodeld */,
				5202BA34251B1FA300FCE527 /* Info.plist */,
				5202BA2E251B1FA300FCE527 /* Preview Content */,
			);
			path = "Bank Mestika";
			sourceTree = "<group>";
		};
		5202BA2E251B1FA300FCE527 /* Preview Content */ = {
			isa = PBXGroup;
			children = (
				5202BA2F251B1FA300FCE527 /* Preview Assets.xcassets */,
			);
			path = "Preview Content";
			sourceTree = "<group>";
		};
		5202BA3C251B1FA300FCE527 /* Bank MestikaTests */ = {
			isa = PBXGroup;
			children = (
				5202BA3D251B1FA300FCE527 /* Bank_MestikaTests.swift */,
				5202BA3F251B1FA300FCE527 /* Info.plist */,
			);
			path = "Bank MestikaTests";
			sourceTree = "<group>";
		};
		5202BA47251B1FA300FCE527 /* Bank MestikaUITests */ = {
			isa = PBXGroup;
			children = (
				5202BA48251B1FA300FCE527 /* Bank_MestikaUITests.swift */,
				5202BA4A251B1FA300FCE527 /* Info.plist */,
			);
			path = "Bank MestikaUITests";
			sourceTree = "<group>";
		};
		5202BA59251B1FDB00FCE527 /* UI */ = {
			isa = PBXGroup;
			children = (
				521B5E52253EC8A90046A4DF /* Screen */,
				521B5E3C253EBD360046A4DF /* Views */,
			);
			path = UI;
			sourceTree = "<group>";
		};
		5202BA5A251B200300FCE527 /* Registrasi */ = {
			isa = PBXGroup;
			children = (
				521861C32535787700C3E824 /* Registrasi Baru Berhasil */,
				52794C0825245ED00031392E /* Validation Form */,
				52794BF0252452D20031392E /* Personal Identity */,
				C09EA88325259D4F007ABF8A /* Data Pembukaan Rekening */,
				5294ADDE2534314B0075D285 /* Login */,
				5202BA5B251B207500FCE527 /* RegisterView.swift */,
				527A6B14251B661B0030A3E2 /* RegisterRekeningCardView.swift */,
				5233DBA6251C7F1E0064C59D /* RegisterProvisionView.swift */,
				5233DBAB251C87CF0064C59D /* PhoneVerificationView.swift */,
				5233DBB0251C95450064C59D /* OTPVerificationView.swift */,
				52F01FC2251D94C300B0ABA5 /* ChooseSavingsView.swift */,
				524F95DB252F0F3E003D7FFF /* IncomingVideoCallView.swift */,
				C02D4E5825400C8D0006B648 /* PilihJenisATMView.swift */,
				C02D4E6D25400E080006B648 /* PilihDesainATMView.swift */,
				C0702C542540109800AC993D /* DetailKartuATMView.swift */,
			);
			path = Registrasi;
			sourceTree = "<group>";
		};
		5202BA63251B269100FCE527 /* Utils */ = {
			isa = PBXGroup;
			children = (
				5202BA64251B26C100FCE527 /* Color+Utils.swift */,
				527A6B0F251B65370030A3E2 /* HostingController+Utils.swift */,
				527A6B1E251B6EF40030A3E2 /* NavigationConfigurator.swift */,
				5233DBA1251C7D310064C59D /* KeyboardGuardian.swift */,
				52D274662525B56C00DD1443 /* ModalOverlay.swift */,
				52CB435B252B0DBD001120AA /* UIImage+Utils.swift */,
				52B81E05253064A4002703E3 /* RecognizedText.swift */,
			);
			path = Utils;
			sourceTree = "<group>";
		};
		52056D38252DD34F008D99D2 /* Registrasi */ = {
			isa = PBXGroup;
			children = (
				C02D4E4A254009690006B648 /* PilihATM */,
				52056D39252DD366008D99D2 /* RegistrasiModel.swift */,
			);
			path = Registrasi;
			sourceTree = "<group>";
		};
		521861C32535787700C3E824 /* Registrasi Baru Berhasil */ = {
			isa = PBXGroup;
			children = (
			);
			path = "Registrasi Baru Berhasil";
			sourceTree = "<group>";
		};
		521B5E10253E844F0046A4DF /* Extensions */ = {
			isa = PBXGroup;
			children = (
				521B5E11253E846F0046A4DF /* URL+Extensions.swift */,
				521B5E53253EC8F40046A4DF /* NetworkReachbility+Extensions.swift */,
				521B5E63253ED45A0046A4DF /* StringMasking+Extensions.swift */,
			);
			path = Extensions;
			sourceTree = "<group>";
		};
		521B5E3C253EBD360046A4DF /* Views */ = {
			isa = PBXGroup;
			children = (
				521B5E3D253EBD5A0046A4DF /* RegisterSliderView.swift */,
			);
			path = Views;
			sourceTree = "<group>";
		};
		521B5E52253EC8A90046A4DF /* Screen */ = {
			isa = PBXGroup;
			children = (
				52F01FC7251DD6DA00B0ABA5 /* Components */,
				5202BA5A251B200300FCE527 /* Registrasi */,
			);
			path = Screen;
			sourceTree = "<group>";
		};
		521B5E68253ED61C0046A4DF /* Login */ = {
			isa = PBXGroup;
			children = (
				521B5E69253ED6300046A4DF /* LoginBindingModel.swift */,
			);
			path = Login;
			sourceTree = "<group>";
		};
		524F958C252EEAF4003D7FFF /* Main */ = {
			isa = PBXGroup;
			children = (
				5202BA23251B1F9F00FCE527 /* AppDelegate.swift */,
				5202BA25251B1FA000FCE527 /* SceneDelegate.swift */,
				5202BA27251B1FA000FCE527 /* ContentView.swift */,
			);
			path = Main;
			sourceTree = "<group>";
		};
		524F958D252EEB0F003D7FFF /* Resources */ = {
			isa = PBXGroup;
			children = (
				C0CD5E83254022B3000126C0 /* Fonts */,
				5202BA2C251B1FA300FCE527 /* Assets.xcassets */,
				5202BA31251B1FA300FCE527 /* LaunchScreen.storyboard */,
			);
			path = Resources;
			sourceTree = "<group>";
		};
		524F9594252EECC8003D7FFF /* Services */ = {
			isa = PBXGroup;
			children = (
				524F959D252EED26003D7FFF /* AssetsService.swift */,
			);
			path = Services;
			sourceTree = "<group>";
		};
		52794BF0252452D20031392E /* Personal Identity */ = {
			isa = PBXGroup;
			children = (
				52794BF1252452F80031392E /* PersonalIdentityView.swift */,
				52794BF92524530F0031392E /* Coordinator.swift */,
				52794BFE2524532D0031392E /* EmailVerificationView.swift */,
				52794C0325245C0C0031392E /* EmailConfirmationView.swift */,
				52D2745C2525ADA100DD1443 /* EmailOTPVerificationView.swift */,
			);
			path = "Personal Identity";
			sourceTree = "<group>";
		};
		52794C0825245ED00031392E /* Validation Form */ = {
			isa = PBXGroup;
			children = (
				52794C0925245EE60031392E /* Term&ConditionView.swift */,
				52794C11252462710031392E /* VerificationDataPersonalView.swift */,
				52794C16252468490031392E /* VerificationAddressView.swift */,
				52794C20252471370031392E /* VerificationPINView.swift */,
				52794C25252475290031392E /* InterviewRegistrationView.swift */,
				52D274612525AECB00DD1443 /* VerificationRegisterDataView.swift */,
				52BE531525297E8600ADE164 /* SuccessRegisterView.swift */,
			);
			path = "Validation Form";
			sourceTree = "<group>";
		};
		5294ADDE2534314B0075D285 /* Login */ = {
			isa = PBXGroup;
			children = (
				5294ADDF253431B10075D285 /* FirstLoginView.swift */,
				5294ADE4253435B40075D285 /* FirstOTPLoginView.swift */,
				C07D410D2547CFE9006A69AD /* FirstCVVLoginView.swift */,
				5294ADE9253437AE0075D285 /* FirstATMLoginView.swift */,
				5294ADEE253439F20075D285 /* FirstPasswordLoginView.swift */,
				5294ADF325343B700075D285 /* LoginView.swift */,
				C0FB3F6B254140E100B98358 /* ForgotPasswordView.swift */,
				C0FB3F7A2541492600B98358 /* ForgotPasswordOTPView.swift */,
				C0FB3F7F25416A6200B98358 /* ForgotPasswordATMPINView.swift */,
				C094DCD125469E48008E9244 /* ForgotPasswordNoRekeningOrKTPView.swift */,
				C0FB3F8425416DCF00B98358 /* ForgotPasswordResetPasswordView.swift */,
				C094DCDC2546A670008E9244 /* ForgotPasswordInputNewPasswordView.swift */,
			);
			path = Login;
			sourceTree = "<group>";
		};
		52B81DFC2530328B002703E3 /* ViewModel */ = {
			isa = PBXGroup;
			children = (
				521B5E2A253E866E0046A4DF /* SliderAssetsViewModel.swift */,
			);
			path = ViewModel;
			sourceTree = "<group>";
		};
		52BE52E925295D3B00ADE164 /* Model */ = {
			isa = PBXGroup;
			children = (
				521B5E68253ED61C0046A4DF /* Login */,
				C07558FC2534213B0067AF7E /* Master */,
				52056D38252DD34F008D99D2 /* Registrasi */,
				52BE52EA25295D4C00ADE164 /* Jenis Tabungan */,
				C07558E725341ADF0067AF7E /* Pembukaan Rekening */,
				C075591E2534232F0067AF7E /* LoadJson.swift */,
				521B5E1C253E84D50046A4DF /* SliderAssetsResponse.swift */,
			);
			path = Model;
			sourceTree = "<group>";
		};
		52BE52EA25295D4C00ADE164 /* Jenis Tabungan */ = {
			isa = PBXGroup;
			children = (
				52BE52EB25295D8200ADE164 /* tabungan.json */,
				52BE52FE252960C600ADE164 /* JenisTabungan.swift */,
				52BE53032529620900ADE164 /* JenisTabunganData.swift */,
			);
			path = "Jenis Tabungan";
			sourceTree = "<group>";
		};
		52F01FC7251DD6DA00B0ABA5 /* Components */ = {
			isa = PBXGroup;
			children = (
				C099F39525269CFF004EFB74 /* TextFieldWithPickerAsInputView.swift */,
				C0C94DE72522F88F005B811C /* LabelTextField.swift */,
				C09EA8BB2525B454007ABF8A /* CornerRadiusStyle.swift */,
				52F01FC8251DD6FD00B0ABA5 /* SavingSelectionModalView.swift */,
				C0C94DEC252309FE005B811C /* CustomNavigationBarView.swift */,
				52D2744F25258FD200DD1443 /* OTPTextField.swift */,
				52D274572525924100DD1443 /* CharacterInputCell.swift */,
				C0C44EE02524602E002F592B /* KeyboardAwareModifier.swift */,
				C09EA866252592D5007ABF8A /* RadioButtonGroup.swift */,
				C04B6FD5252AD5EE00A29A45 /* CheckBoxGroup.swift */,
				C0EB9864252C30A400BEBA4F /* TextFieldWithToolBarKeyBoard.swift */,
				524F95B1252EF06F003D7FFF /* LoadingIndicator.swift */,
				524F95BC252EF08E003D7FFF /* LoadingView.swift */,
				52B81E0A2530655E002703E3 /* ScanningView.swift */,
				52B81E0F253065B1002703E3 /* TextRecognizer.swift */,
				521861C7253583AE00C3E824 /* SUImagePickerView.swift */,
				C02D4E5025400C6E0006B648 /* TabItemView.swift */,
			);
			path = Components;
			sourceTree = "<group>";
		};
		7BE233D2DFB3206B5AA1F279 /* Frameworks */ = {
			isa = PBXGroup;
			children = (
				1CEBBC9D36209243AEC88C34 /* Pods_Bank_Mestika.framework */,
			);
			name = Frameworks;
			sourceTree = "<group>";
		};
		81CF23F36FEDC52B37442051 /* Pods */ = {
			isa = PBXGroup;
			children = (
				097106FDB210857F3803742F /* Pods-Bank Mestika.debug.xcconfig */,
				664167E6493D4E103BFEB59F /* Pods-Bank Mestika.release.xcconfig */,
			);
			path = Pods;
			sourceTree = "<group>";
		};
		C02D4E4A254009690006B648 /* PilihATM */ = {
			isa = PBXGroup;
			children = (
				C02D4E30254008A00006B648 /* CardModel.swift */,
				C02D4E5D25400CFE0006B648 /* DetailJenisATMModel.swift */,
				C02D4E40254009260006B648 /* JenisATMData.swift */,
				C02D4E6225400D160006B648 /* DetailJenisATMData.swift */,
				C02D4E452540093F0006B648 /* DesainATMData.swift */,
			);
			path = PilihATM;
			sourceTree = "<group>";
		};
		C07558E725341ADF0067AF7E /* Pembukaan Rekening */ = {
			isa = PBXGroup;
			children = (
				C0AA672425342D0900DF3F02 /* besarPerkiraanPenarikan.json */,
				C0AA672125342D0900DF3F02 /* besarPerkiraanSetoran.json */,
				C0AA672025342D0900DF3F02 /* pekerjaan.json */,
				C0AA672325342D0900DF3F02 /* penghasilanKotor.json */,
				C0AA672225342D0900DF3F02 /* perkiraanPenarikan.json */,
				C0AA672625342D0900DF3F02 /* perkiraanSetoran.json */,
				C0AA671E25342D0900DF3F02 /* sumberPendapatanLainnya.json */,
				C0AA671F25342D0900DF3F02 /* sumberPenyandangDana.json */,
				C0AA672525342D0900DF3F02 /* verificationAddress.json */,
				C0755934253424D20067AF7E /* sumberDana.json */,
				C00B536725340E6600141070 /* tujuanPembukaanRekening.json */,
			);
			path = "Pembukaan Rekening";
			sourceTree = "<group>";
		};
		C07558FC2534213B0067AF7E /* Master */ = {
			isa = PBXGroup;
			children = (
				C00B536325340A7A00141070 /* masterData.json */,
				C0755902253421760067AF7E /* MasterData.swift */,
				C07558FE2534213B0067AF7E /* MasterModel.swift */,
			);
			path = Master;
			sourceTree = "<group>";
		};
		C09EA88325259D4F007ABF8A /* Data Pembukaan Rekening */ = {
			isa = PBXGroup;
			children = (
				C09EA86E25259758007ABF8A /* TujuanPembukaanRekeningView.swift */,
				C09EA87B25259C9B007ABF8A /* SumberDanaView.swift */,
				C09EA8872525A7CC007ABF8A /* PerkiraanPenarikanView.swift */,
				C09EA88F2525AAA9007ABF8A /* BesarPerkiraanPenarikanView.swift */,
				C09EA8972525ABEC007ABF8A /* PerkiraanSetoranView.swift */,
				C09EA89F2525AC94007ABF8A /* BesarPerkiraanSetoranView.swift */,
				C09EA8B02525AD73007ABF8A /* PerkerjaanView.swift */,
				C02A4089252C210900C5CEB1 /* SumberPenyandangDanaView.swift */,
				C09C57D92521A1CE008AD865 /* InformasiPerusahaanView.swift */,
				C0E978382524685400FC5BDB /* PenghasilanKotorView.swift */,
				C032ADA4252C2B3F002BD8BA /* SumberPendapatanLainnyaView.swift */,
				C0CA1614253441D400A93EF5 /* KeluargaTerdekat.swift */,
				52BE530B2529793800ADE164 /* PasswordView.swift */,
				52BE531025297C3F00ADE164 /* PINView.swift */,
				524F95D6252F0A00003D7FFF /* VerifikasiPINView.swift */,
			);
			path = "Data Pembukaan Rekening";
			sourceTree = "<group>";
		};
		C0CD5E83254022B3000126C0 /* Fonts */ = {
			isa = PBXGroup;
			children = (
				C07BD8772548479000BF0BEB /* Montserrat-Bold.ttf */,
				C07BD881254847AA00BF0BEB /* Montserrat-ExtraBold.ttf */,
				C07BD87F254847AA00BF0BEB /* Montserrat-Light.ttf */,
				C07BD880254847AA00BF0BEB /* Montserrat-Medium.ttf */,
				C07BD87D254847AA00BF0BEB /* Montserrat-Regular.ttf */,
				C07BD87C254847AA00BF0BEB /* Montserrat-SemiBold.ttf */,
				C07BD87E254847AA00BF0BEB /* Montserrat-Thin.ttf */,
			);
			path = Fonts;
			sourceTree = "<group>";
		};
/* End PBXGroup section */

/* Begin PBXNativeTarget section */
		5202BA1F251B1F9F00FCE527 /* Bank Mestika */ = {
			isa = PBXNativeTarget;
			buildConfigurationList = 5202BA4D251B1FA300FCE527 /* Build configuration list for PBXNativeTarget "Bank Mestika" */;
			buildPhases = (
				5E1DF8CF9D1391C246D31188 /* [CP] Check Pods Manifest.lock */,
				5202BA1C251B1F9F00FCE527 /* Sources */,
				5202BA1D251B1F9F00FCE527 /* Frameworks */,
				5202BA1E251B1F9F00FCE527 /* Resources */,
				CBB0805D556E0F88989070A9 /* [CP] Embed Pods Frameworks */,
			);
			buildRules = (
			);
			dependencies = (
			);
			name = "Bank Mestika";
			packageProductDependencies = (
				521B5E45253EC19E0046A4DF /* SDWebImageSwiftUI */,
			);
			productName = "Bank Mestika";
			productReference = 5202BA20251B1F9F00FCE527 /* Bank Mestika.app */;
			productType = "com.apple.product-type.application";
		};
		5202BA38251B1FA300FCE527 /* Bank MestikaTests */ = {
			isa = PBXNativeTarget;
			buildConfigurationList = 5202BA50251B1FA300FCE527 /* Build configuration list for PBXNativeTarget "Bank MestikaTests" */;
			buildPhases = (
				5202BA35251B1FA300FCE527 /* Sources */,
				5202BA36251B1FA300FCE527 /* Frameworks */,
				5202BA37251B1FA300FCE527 /* Resources */,
			);
			buildRules = (
			);
			dependencies = (
				5202BA3B251B1FA300FCE527 /* PBXTargetDependency */,
			);
			name = "Bank MestikaTests";
			productName = "Bank MestikaTests";
			productReference = 5202BA39251B1FA300FCE527 /* Bank MestikaTests.xctest */;
			productType = "com.apple.product-type.bundle.unit-test";
		};
		5202BA43251B1FA300FCE527 /* Bank MestikaUITests */ = {
			isa = PBXNativeTarget;
			buildConfigurationList = 5202BA53251B1FA300FCE527 /* Build configuration list for PBXNativeTarget "Bank MestikaUITests" */;
			buildPhases = (
				5202BA40251B1FA300FCE527 /* Sources */,
				5202BA41251B1FA300FCE527 /* Frameworks */,
				5202BA42251B1FA300FCE527 /* Resources */,
			);
			buildRules = (
			);
			dependencies = (
				5202BA46251B1FA300FCE527 /* PBXTargetDependency */,
			);
			name = "Bank MestikaUITests";
			productName = "Bank MestikaUITests";
			productReference = 5202BA44251B1FA300FCE527 /* Bank MestikaUITests.xctest */;
			productType = "com.apple.product-type.bundle.ui-testing";
		};
/* End PBXNativeTarget section */

/* Begin PBXProject section */
		5202BA18251B1F9F00FCE527 /* Project object */ = {
			isa = PBXProject;
			attributes = {
				LastSwiftUpdateCheck = 1200;
				LastUpgradeCheck = 1200;
				TargetAttributes = {
					5202BA1F251B1F9F00FCE527 = {
						CreatedOnToolsVersion = 12.0;
					};
					5202BA38251B1FA300FCE527 = {
						CreatedOnToolsVersion = 12.0;
						TestTargetID = 5202BA1F251B1F9F00FCE527;
					};
					5202BA43251B1FA300FCE527 = {
						CreatedOnToolsVersion = 12.0;
						TestTargetID = 5202BA1F251B1F9F00FCE527;
					};
				};
			};
			buildConfigurationList = 5202BA1B251B1F9F00FCE527 /* Build configuration list for PBXProject "Bank Mestika" */;
			compatibilityVersion = "Xcode 9.3";
			developmentRegion = en;
			hasScannedForEncodings = 0;
			knownRegions = (
				en,
				Base,
			);
			mainGroup = 5202BA17251B1F9F00FCE527;
			packageReferences = (
				52B81DD925300D56002703E3 /* XCRemoteSwiftPackageReference "SDWebImageSwiftUI" */,
				52B81DDF25300DA7002703E3 /* XCRemoteSwiftPackageReference "SwiftyJSON" */,
				5294ADD82534180C0075D285 /* XCRemoteSwiftPackageReference "swiftui-navigation-stack" */,
			);
			productRefGroup = 5202BA21251B1F9F00FCE527 /* Products */;
			projectDirPath = "";
			projectRoot = "";
			targets = (
				5202BA1F251B1F9F00FCE527 /* Bank Mestika */,
				5202BA38251B1FA300FCE527 /* Bank MestikaTests */,
				5202BA43251B1FA300FCE527 /* Bank MestikaUITests */,
			);
		};
/* End PBXProject section */

/* Begin PBXResourcesBuildPhase section */
		5202BA1E251B1F9F00FCE527 /* Resources */ = {
			isa = PBXResourcesBuildPhase;
			buildActionMask = 2147483647;
			files = (
				C07BD885254847AA00BF0BEB /* Montserrat-Light.ttf in Resources */,
				C07BD883254847AA00BF0BEB /* Montserrat-Regular.ttf in Resources */,
				C0AA672A25342D0900DF3F02 /* besarPerkiraanSetoran.json in Resources */,
				C0AA672E25342D0900DF3F02 /* verificationAddress.json in Resources */,
				C0AA672825342D0900DF3F02 /* sumberPenyandangDana.json in Resources */,
				C0AA672C25342D0900DF3F02 /* penghasilanKotor.json in Resources */,
				C07BD884254847AA00BF0BEB /* Montserrat-Thin.ttf in Resources */,
				52BE52EC25295D8200ADE164 /* tabungan.json in Resources */,
				5202BA33251B1FA300FCE527 /* LaunchScreen.storyboard in Resources */,
				C0AA672F25342D0900DF3F02 /* perkiraanSetoran.json in Resources */,
				C07BD886254847AA00BF0BEB /* Montserrat-Medium.ttf in Resources */,
				5202BA30251B1FA300FCE527 /* Preview Assets.xcassets in Resources */,
				C0AA672B25342D0900DF3F02 /* perkiraanPenarikan.json in Resources */,
				C0AA672925342D0900DF3F02 /* pekerjaan.json in Resources */,
				C0755935253424D20067AF7E /* sumberDana.json in Resources */,
				C0AA672725342D0900DF3F02 /* sumberPendapatanLainnya.json in Resources */,
				C07BD8782548479000BF0BEB /* Montserrat-Bold.ttf in Resources */,
				C07BD882254847AA00BF0BEB /* Montserrat-SemiBold.ttf in Resources */,
				5202BA2D251B1FA300FCE527 /* Assets.xcassets in Resources */,
				C07BD887254847AA00BF0BEB /* Montserrat-ExtraBold.ttf in Resources */,
				C00B536825340E6600141070 /* tujuanPembukaanRekening.json in Resources */,
				C0AA672D25342D0900DF3F02 /* besarPerkiraanPenarikan.json in Resources */,
			);
			runOnlyForDeploymentPostprocessing = 0;
		};
		5202BA37251B1FA300FCE527 /* Resources */ = {
			isa = PBXResourcesBuildPhase;
			buildActionMask = 2147483647;
			files = (
			);
			runOnlyForDeploymentPostprocessing = 0;
		};
		5202BA42251B1FA300FCE527 /* Resources */ = {
			isa = PBXResourcesBuildPhase;
			buildActionMask = 2147483647;
			files = (
			);
			runOnlyForDeploymentPostprocessing = 0;
		};
/* End PBXResourcesBuildPhase section */

/* Begin PBXShellScriptBuildPhase section */
		5E1DF8CF9D1391C246D31188 /* [CP] Check Pods Manifest.lock */ = {
			isa = PBXShellScriptBuildPhase;
			buildActionMask = 2147483647;
			files = (
			);
			inputFileListPaths = (
			);
			inputPaths = (
				"${PODS_PODFILE_DIR_PATH}/Podfile.lock",
				"${PODS_ROOT}/Manifest.lock",
			);
			name = "[CP] Check Pods Manifest.lock";
			outputFileListPaths = (
			);
			outputPaths = (
				"$(DERIVED_FILE_DIR)/Pods-Bank Mestika-checkManifestLockResult.txt",
			);
			runOnlyForDeploymentPostprocessing = 0;
			shellPath = /bin/sh;
			shellScript = "diff \"${PODS_PODFILE_DIR_PATH}/Podfile.lock\" \"${PODS_ROOT}/Manifest.lock\" > /dev/null\nif [ $? != 0 ] ; then\n    # print error to STDERR\n    echo \"error: The sandbox is not in sync with the Podfile.lock. Run 'pod install' or update your CocoaPods installation.\" >&2\n    exit 1\nfi\n# This output is used by Xcode 'outputs' to avoid re-running this script phase.\necho \"SUCCESS\" > \"${SCRIPT_OUTPUT_FILE_0}\"\n";
			showEnvVarsInLog = 0;
		};
		CBB0805D556E0F88989070A9 /* [CP] Embed Pods Frameworks */ = {
			isa = PBXShellScriptBuildPhase;
			buildActionMask = 2147483647;
			files = (
			);
			inputFileListPaths = (
				"${PODS_ROOT}/Target Support Files/Pods-Bank Mestika/Pods-Bank Mestika-frameworks-${CONFIGURATION}-input-files.xcfilelist",
			);
			name = "[CP] Embed Pods Frameworks";
			outputFileListPaths = (
				"${PODS_ROOT}/Target Support Files/Pods-Bank Mestika/Pods-Bank Mestika-frameworks-${CONFIGURATION}-output-files.xcfilelist",
			);
			runOnlyForDeploymentPostprocessing = 0;
			shellPath = /bin/sh;
			shellScript = "\"${PODS_ROOT}/Target Support Files/Pods-Bank Mestika/Pods-Bank Mestika-frameworks.sh\"\n";
			showEnvVarsInLog = 0;
		};
/* End PBXShellScriptBuildPhase section */

/* Begin PBXSourcesBuildPhase section */
		5202BA1C251B1F9F00FCE527 /* Sources */ = {
			isa = PBXSourcesBuildPhase;
			buildActionMask = 2147483647;
			files = (
				521B5E1D253E84D50046A4DF /* SliderAssetsResponse.swift in Sources */,
				C032ADA5252C2B3F002BD8BA /* SumberPendapatanLainnyaView.swift in Sources */,
				C0C94DE82522F88F005B811C /* LabelTextField.swift in Sources */,
				52B81E06253064A5002703E3 /* RecognizedText.swift in Sources */,
				C094DCD225469E48008E9244 /* ForgotPasswordNoRekeningOrKTPView.swift in Sources */,
				5202BA24251B1F9F00FCE527 /* AppDelegate.swift in Sources */,
				52D274622525AECB00DD1443 /* VerificationRegisterDataView.swift in Sources */,
				52794C0425245C0C0031392E /* EmailConfirmationView.swift in Sources */,
				521B5E6A253ED6300046A4DF /* LoginBindingModel.swift in Sources */,
				C02A408A252C210900C5CEB1 /* SumberPenyandangDanaView.swift in Sources */,
				C09C57DA2521A1CE008AD865 /* InformasiPerusahaanView.swift in Sources */,
				52D274672525B56C00DD1443 /* ModalOverlay.swift in Sources */,
				524F959E252EED26003D7FFF /* AssetsService.swift in Sources */,
				521861C8253583AE00C3E824 /* SUImagePickerView.swift in Sources */,
				5233DBA2251C7D310064C59D /* KeyboardGuardian.swift in Sources */,
				52BE53042529620900ADE164 /* JenisTabunganData.swift in Sources */,
				52794C12252462710031392E /* VerificationDataPersonalView.swift in Sources */,
				5233DBAC251C87CF0064C59D /* PhoneVerificationView.swift in Sources */,
				C09EA8882525A7CC007ABF8A /* PerkiraanPenarikanView.swift in Sources */,
				52794BFF2524532D0031392E /* EmailVerificationView.swift in Sources */,
				C09EA87C25259C9B007ABF8A /* SumberDanaView.swift in Sources */,
				C075591F2534232F0067AF7E /* LoadJson.swift in Sources */,
				52CB435C252B0DBD001120AA /* UIImage+Utils.swift in Sources */,
				527A6B10251B65370030A3E2 /* HostingController+Utils.swift in Sources */,
				C02D4E5925400C8D0006B648 /* PilihJenisATMView.swift in Sources */,
				5202BA5C251B207500FCE527 /* RegisterView.swift in Sources */,
				52BE531625297E8600ADE164 /* SuccessRegisterView.swift in Sources */,
				5202BA26251B1FA000FCE527 /* SceneDelegate.swift in Sources */,
				5294ADE5253435B40075D285 /* FirstOTPLoginView.swift in Sources */,
				5202BA2B251B1FA000FCE527 /* Bank_Mestika.xcdatamodeld in Sources */,
				5294ADE0253431B10075D285 /* FirstLoginView.swift in Sources */,
				C09EA86F25259758007ABF8A /* TujuanPembukaanRekeningView.swift in Sources */,
				5294ADEF253439F20075D285 /* FirstPasswordLoginView.swift in Sources */,
				C02D4E462540093F0006B648 /* DesainATMData.swift in Sources */,
				52BE531125297C3F00ADE164 /* PINView.swift in Sources */,
				521B5E64253ED45A0046A4DF /* StringMasking+Extensions.swift in Sources */,
				C0FB3F8525416DCF00B98358 /* ForgotPasswordResetPasswordView.swift in Sources */,
				C07D410E2547CFE9006A69AD /* FirstCVVLoginView.swift in Sources */,
				52B81E0B2530655E002703E3 /* ScanningView.swift in Sources */,
				C075590D253421FD0067AF7E /* MasterModel.swift in Sources */,
				C099F39625269CFF004EFB74 /* TextFieldWithPickerAsInputView.swift in Sources */,
				524F95BD252EF08E003D7FFF /* LoadingView.swift in Sources */,
				C0702C552540109800AC993D /* DetailKartuATMView.swift in Sources */,
				C0755903253421760067AF7E /* MasterData.swift in Sources */,
				52794BF2252452F80031392E /* PersonalIdentityView.swift in Sources */,
				C0FB3F8025416A6200B98358 /* ForgotPasswordATMPINView.swift in Sources */,
				5202BA28251B1FA000FCE527 /* ContentView.swift in Sources */,
				52794C0A25245EE60031392E /* Term&ConditionView.swift in Sources */,
				C0EB9865252C30A400BEBA4F /* TextFieldWithToolBarKeyBoard.swift in Sources */,
				521B5E12253E846F0046A4DF /* URL+Extensions.swift in Sources */,
				52D2745025258FD200DD1443 /* OTPTextField.swift in Sources */,
				5294ADEA253437AE0075D285 /* FirstATMLoginView.swift in Sources */,
				52056D3A252DD366008D99D2 /* RegistrasiModel.swift in Sources */,
				521B5E2B253E866E0046A4DF /* SliderAssetsViewModel.swift in Sources */,
				C02D4E6325400D160006B648 /* DetailJenisATMData.swift in Sources */,
				C02D4E6E25400E080006B648 /* PilihDesainATMView.swift in Sources */,
				52F01FC9251DD6FD00B0ABA5 /* SavingSelectionModalView.swift in Sources */,
				52D274582525924100DD1443 /* CharacterInputCell.swift in Sources */,
				52D2745D2525ADA100DD1443 /* EmailOTPVerificationView.swift in Sources */,
				52794BFA2524530F0031392E /* Coordinator.swift in Sources */,
				52794C21252471370031392E /* VerificationPINView.swift in Sources */,
				527A6B15251B661B0030A3E2 /* RegisterRekeningCardView.swift in Sources */,
				C0FB3F7B2541492600B98358 /* ForgotPasswordOTPView.swift in Sources */,
				5294ADF425343B700075D285 /* LoginView.swift in Sources */,
				C09EA867252592D5007ABF8A /* RadioButtonGroup.swift in Sources */,
				C0CA1615253441D400A93EF5 /* KeluargaTerdekat.swift in Sources */,
				C02D4E5125400C6E0006B648 /* TabItemView.swift in Sources */,
				C09EA8A02525AC94007ABF8A /* BesarPerkiraanSetoranView.swift in Sources */,
				C09EA8BC2525B454007ABF8A /* CornerRadiusStyle.swift in Sources */,
				C094DCDD2546A670008E9244 /* ForgotPasswordInputNewPasswordView.swift in Sources */,
				C09EA8982525ABEC007ABF8A /* PerkiraanSetoranView.swift in Sources */,
				521B5E54253EC8F40046A4DF /* NetworkReachbility+Extensions.swift in Sources */,
				C0C44EE12524602F002F592B /* KeyboardAwareModifier.swift in Sources */,
				5233DBA7251C7F1E0064C59D /* RegisterProvisionView.swift in Sources */,
				5233DBB1251C95450064C59D /* OTPVerificationView.swift in Sources */,
				C04B6FD6252AD5EE00A29A45 /* CheckBoxGroup.swift in Sources */,
				52F01FC3251D94C300B0ABA5 /* ChooseSavingsView.swift in Sources */,
				C0E978392524685400FC5BDB /* PenghasilanKotorView.swift in Sources */,
				C09EA8902525AAA9007ABF8A /* BesarPerkiraanPenarikanView.swift in Sources */,
				52BE530C2529793800ADE164 /* PasswordView.swift in Sources */,
				C02D4E41254009260006B648 /* JenisATMData.swift in Sources */,
				524F95D7252F0A00003D7FFF /* VerifikasiPINView.swift in Sources */,
				C02D4E5E25400CFE0006B648 /* DetailJenisATMModel.swift in Sources */,
				5202BA65251B26C100FCE527 /* Color+Utils.swift in Sources */,
				524F95DC252F0F3E003D7FFF /* IncomingVideoCallView.swift in Sources */,
				524F95B2252EF06F003D7FFF /* LoadingIndicator.swift in Sources */,
				527A6B1F251B6EF40030A3E2 /* NavigationConfigurator.swift in Sources */,
				52794C26252475290031392E /* InterviewRegistrationView.swift in Sources */,
				52BE52FF252960C600ADE164 /* JenisTabungan.swift in Sources */,
				52B81E10253065B1002703E3 /* TextRecognizer.swift in Sources */,
				521B5E3E253EBD5A0046A4DF /* RegisterSliderView.swift in Sources */,
				C02D4E31254008A00006B648 /* CardModel.swift in Sources */,
				C09EA8B12525AD73007ABF8A /* PerkerjaanView.swift in Sources */,
				C0C94DED252309FE005B811C /* CustomNavigationBarView.swift in Sources */,
				C0FB3F6C254140E100B98358 /* ForgotPasswordView.swift in Sources */,
				52794C17252468490031392E /* VerificationAddressView.swift in Sources */,
			);
			runOnlyForDeploymentPostprocessing = 0;
		};
		5202BA35251B1FA300FCE527 /* Sources */ = {
			isa = PBXSourcesBuildPhase;
			buildActionMask = 2147483647;
			files = (
				5202BA3E251B1FA300FCE527 /* Bank_MestikaTests.swift in Sources */,
			);
			runOnlyForDeploymentPostprocessing = 0;
		};
		5202BA40251B1FA300FCE527 /* Sources */ = {
			isa = PBXSourcesBuildPhase;
			buildActionMask = 2147483647;
			files = (
				5202BA49251B1FA300FCE527 /* Bank_MestikaUITests.swift in Sources */,
			);
			runOnlyForDeploymentPostprocessing = 0;
		};
/* End PBXSourcesBuildPhase section */

/* Begin PBXTargetDependency section */
		5202BA3B251B1FA300FCE527 /* PBXTargetDependency */ = {
			isa = PBXTargetDependency;
			target = 5202BA1F251B1F9F00FCE527 /* Bank Mestika */;
			targetProxy = 5202BA3A251B1FA300FCE527 /* PBXContainerItemProxy */;
		};
		5202BA46251B1FA300FCE527 /* PBXTargetDependency */ = {
			isa = PBXTargetDependency;
			target = 5202BA1F251B1F9F00FCE527 /* Bank Mestika */;
			targetProxy = 5202BA45251B1FA300FCE527 /* PBXContainerItemProxy */;
		};
/* End PBXTargetDependency section */

/* Begin PBXVariantGroup section */
		5202BA31251B1FA300FCE527 /* LaunchScreen.storyboard */ = {
			isa = PBXVariantGroup;
			children = (
				5202BA32251B1FA300FCE527 /* Base */,
			);
			name = LaunchScreen.storyboard;
			sourceTree = "<group>";
		};
/* End PBXVariantGroup section */

/* Begin XCBuildConfiguration section */
		5202BA4B251B1FA300FCE527 /* Debug */ = {
			isa = XCBuildConfiguration;
			buildSettings = {
				ALWAYS_SEARCH_USER_PATHS = NO;
				CLANG_ANALYZER_NONNULL = YES;
				CLANG_ANALYZER_NUMBER_OBJECT_CONVERSION = YES_AGGRESSIVE;
				CLANG_CXX_LANGUAGE_STANDARD = "gnu++14";
				CLANG_CXX_LIBRARY = "libc++";
				CLANG_ENABLE_MODULES = YES;
				CLANG_ENABLE_OBJC_ARC = YES;
				CLANG_ENABLE_OBJC_WEAK = YES;
				CLANG_WARN_BLOCK_CAPTURE_AUTORELEASING = YES;
				CLANG_WARN_BOOL_CONVERSION = YES;
				CLANG_WARN_COMMA = YES;
				CLANG_WARN_CONSTANT_CONVERSION = YES;
				CLANG_WARN_DEPRECATED_OBJC_IMPLEMENTATIONS = YES;
				CLANG_WARN_DIRECT_OBJC_ISA_USAGE = YES_ERROR;
				CLANG_WARN_DOCUMENTATION_COMMENTS = YES;
				CLANG_WARN_EMPTY_BODY = YES;
				CLANG_WARN_ENUM_CONVERSION = YES;
				CLANG_WARN_INFINITE_RECURSION = YES;
				CLANG_WARN_INT_CONVERSION = YES;
				CLANG_WARN_NON_LITERAL_NULL_CONVERSION = YES;
				CLANG_WARN_OBJC_IMPLICIT_RETAIN_SELF = YES;
				CLANG_WARN_OBJC_LITERAL_CONVERSION = YES;
				CLANG_WARN_OBJC_ROOT_CLASS = YES_ERROR;
				CLANG_WARN_QUOTED_INCLUDE_IN_FRAMEWORK_HEADER = YES;
				CLANG_WARN_RANGE_LOOP_ANALYSIS = YES;
				CLANG_WARN_STRICT_PROTOTYPES = YES;
				CLANG_WARN_SUSPICIOUS_MOVE = YES;
				CLANG_WARN_UNGUARDED_AVAILABILITY = YES_AGGRESSIVE;
				CLANG_WARN_UNREACHABLE_CODE = YES;
				CLANG_WARN__DUPLICATE_METHOD_MATCH = YES;
				COPY_PHASE_STRIP = NO;
				DEBUG_INFORMATION_FORMAT = dwarf;
				ENABLE_STRICT_OBJC_MSGSEND = YES;
				ENABLE_TESTABILITY = YES;
				GCC_C_LANGUAGE_STANDARD = gnu11;
				GCC_DYNAMIC_NO_PIC = NO;
				GCC_NO_COMMON_BLOCKS = YES;
				GCC_OPTIMIZATION_LEVEL = 0;
				GCC_PREPROCESSOR_DEFINITIONS = (
					"DEBUG=1",
					"$(inherited)",
				);
				GCC_WARN_64_TO_32_BIT_CONVERSION = YES;
				GCC_WARN_ABOUT_RETURN_TYPE = YES_ERROR;
				GCC_WARN_UNDECLARED_SELECTOR = YES;
				GCC_WARN_UNINITIALIZED_AUTOS = YES_AGGRESSIVE;
				GCC_WARN_UNUSED_FUNCTION = YES;
				GCC_WARN_UNUSED_VARIABLE = YES;
				IPHONEOS_DEPLOYMENT_TARGET = 14.0;
				MTL_ENABLE_DEBUG_INFO = INCLUDE_SOURCE;
				MTL_FAST_MATH = YES;
				ONLY_ACTIVE_ARCH = YES;
				SDKROOT = iphoneos;
				SWIFT_ACTIVE_COMPILATION_CONDITIONS = DEBUG;
				SWIFT_OPTIMIZATION_LEVEL = "-Onone";
			};
			name = Debug;
		};
		5202BA4C251B1FA300FCE527 /* Release */ = {
			isa = XCBuildConfiguration;
			buildSettings = {
				ALWAYS_SEARCH_USER_PATHS = NO;
				CLANG_ANALYZER_NONNULL = YES;
				CLANG_ANALYZER_NUMBER_OBJECT_CONVERSION = YES_AGGRESSIVE;
				CLANG_CXX_LANGUAGE_STANDARD = "gnu++14";
				CLANG_CXX_LIBRARY = "libc++";
				CLANG_ENABLE_MODULES = YES;
				CLANG_ENABLE_OBJC_ARC = YES;
				CLANG_ENABLE_OBJC_WEAK = YES;
				CLANG_WARN_BLOCK_CAPTURE_AUTORELEASING = YES;
				CLANG_WARN_BOOL_CONVERSION = YES;
				CLANG_WARN_COMMA = YES;
				CLANG_WARN_CONSTANT_CONVERSION = YES;
				CLANG_WARN_DEPRECATED_OBJC_IMPLEMENTATIONS = YES;
				CLANG_WARN_DIRECT_OBJC_ISA_USAGE = YES_ERROR;
				CLANG_WARN_DOCUMENTATION_COMMENTS = YES;
				CLANG_WARN_EMPTY_BODY = YES;
				CLANG_WARN_ENUM_CONVERSION = YES;
				CLANG_WARN_INFINITE_RECURSION = YES;
				CLANG_WARN_INT_CONVERSION = YES;
				CLANG_WARN_NON_LITERAL_NULL_CONVERSION = YES;
				CLANG_WARN_OBJC_IMPLICIT_RETAIN_SELF = YES;
				CLANG_WARN_OBJC_LITERAL_CONVERSION = YES;
				CLANG_WARN_OBJC_ROOT_CLASS = YES_ERROR;
				CLANG_WARN_QUOTED_INCLUDE_IN_FRAMEWORK_HEADER = YES;
				CLANG_WARN_RANGE_LOOP_ANALYSIS = YES;
				CLANG_WARN_STRICT_PROTOTYPES = YES;
				CLANG_WARN_SUSPICIOUS_MOVE = YES;
				CLANG_WARN_UNGUARDED_AVAILABILITY = YES_AGGRESSIVE;
				CLANG_WARN_UNREACHABLE_CODE = YES;
				CLANG_WARN__DUPLICATE_METHOD_MATCH = YES;
				COPY_PHASE_STRIP = NO;
				DEBUG_INFORMATION_FORMAT = "dwarf-with-dsym";
				ENABLE_NS_ASSERTIONS = NO;
				ENABLE_STRICT_OBJC_MSGSEND = YES;
				GCC_C_LANGUAGE_STANDARD = gnu11;
				GCC_NO_COMMON_BLOCKS = YES;
				GCC_WARN_64_TO_32_BIT_CONVERSION = YES;
				GCC_WARN_ABOUT_RETURN_TYPE = YES_ERROR;
				GCC_WARN_UNDECLARED_SELECTOR = YES;
				GCC_WARN_UNINITIALIZED_AUTOS = YES_AGGRESSIVE;
				GCC_WARN_UNUSED_FUNCTION = YES;
				GCC_WARN_UNUSED_VARIABLE = YES;
				IPHONEOS_DEPLOYMENT_TARGET = 14.0;
				MTL_ENABLE_DEBUG_INFO = NO;
				MTL_FAST_MATH = YES;
				SDKROOT = iphoneos;
				SWIFT_COMPILATION_MODE = wholemodule;
				SWIFT_OPTIMIZATION_LEVEL = "-O";
				VALIDATE_PRODUCT = YES;
			};
			name = Release;
		};
		5202BA4E251B1FA300FCE527 /* Debug */ = {
			isa = XCBuildConfiguration;
			baseConfigurationReference = 097106FDB210857F3803742F /* Pods-Bank Mestika.debug.xcconfig */;
			buildSettings = {
				ASSETCATALOG_COMPILER_APPICON_NAME = AppIcon;
				ASSETCATALOG_COMPILER_GLOBAL_ACCENT_COLOR_NAME = AccentColor;
				CODE_SIGN_STYLE = Automatic;
				DEVELOPMENT_ASSET_PATHS = "\"Bank Mestika/Preview Content\"";
				DEVELOPMENT_TEAM = 8ZTJDGA48U;
				ENABLE_PREVIEWS = YES;
				INFOPLIST_FILE = "Bank Mestika/Info.plist";
				LD_RUNPATH_SEARCH_PATHS = (
					"$(inherited)",
					"@executable_path/Frameworks",
				);
				PRODUCT_BUNDLE_IDENTIFIER = com.multipolar.BankMestika;
				PRODUCT_NAME = "$(TARGET_NAME)";
				SWIFT_VERSION = 5.0;
				TARGETED_DEVICE_FAMILY = "1,2";
			};
			name = Debug;
		};
		5202BA4F251B1FA300FCE527 /* Release */ = {
			isa = XCBuildConfiguration;
			baseConfigurationReference = 664167E6493D4E103BFEB59F /* Pods-Bank Mestika.release.xcconfig */;
			buildSettings = {
				ASSETCATALOG_COMPILER_APPICON_NAME = AppIcon;
				ASSETCATALOG_COMPILER_GLOBAL_ACCENT_COLOR_NAME = AccentColor;
				CODE_SIGN_STYLE = Automatic;
				DEVELOPMENT_ASSET_PATHS = "\"Bank Mestika/Preview Content\"";
				DEVELOPMENT_TEAM = 8ZTJDGA48U;
				ENABLE_PREVIEWS = YES;
				INFOPLIST_FILE = "Bank Mestika/Info.plist";
				LD_RUNPATH_SEARCH_PATHS = (
					"$(inherited)",
					"@executable_path/Frameworks",
				);
				PRODUCT_BUNDLE_IDENTIFIER = com.multipolar.BankMestika;
				PRODUCT_NAME = "$(TARGET_NAME)";
				SWIFT_VERSION = 5.0;
				TARGETED_DEVICE_FAMILY = "1,2";
			};
			name = Release;
		};
		5202BA51251B1FA300FCE527 /* Debug */ = {
			isa = XCBuildConfiguration;
			buildSettings = {
				ALWAYS_EMBED_SWIFT_STANDARD_LIBRARIES = YES;
				BUNDLE_LOADER = "$(TEST_HOST)";
				CODE_SIGN_STYLE = Automatic;
				DEVELOPMENT_TEAM = RPKUZP5NC7;
				INFOPLIST_FILE = "Bank MestikaTests/Info.plist";
				IPHONEOS_DEPLOYMENT_TARGET = 14.0;
				LD_RUNPATH_SEARCH_PATHS = (
					"$(inherited)",
					"@executable_path/Frameworks",
					"@loader_path/Frameworks",
				);
				PRODUCT_BUNDLE_IDENTIFIER = "com.multipolar.Bank-MestikaTests";
				PRODUCT_NAME = "$(TARGET_NAME)";
				SWIFT_VERSION = 5.0;
				TARGETED_DEVICE_FAMILY = "1,2";
				TEST_HOST = "$(BUILT_PRODUCTS_DIR)/Bank Mestika.app/Bank Mestika";
			};
			name = Debug;
		};
		5202BA52251B1FA300FCE527 /* Release */ = {
			isa = XCBuildConfiguration;
			buildSettings = {
				ALWAYS_EMBED_SWIFT_STANDARD_LIBRARIES = YES;
				BUNDLE_LOADER = "$(TEST_HOST)";
				CODE_SIGN_STYLE = Automatic;
				DEVELOPMENT_TEAM = RPKUZP5NC7;
				INFOPLIST_FILE = "Bank MestikaTests/Info.plist";
				IPHONEOS_DEPLOYMENT_TARGET = 14.0;
				LD_RUNPATH_SEARCH_PATHS = (
					"$(inherited)",
					"@executable_path/Frameworks",
					"@loader_path/Frameworks",
				);
				PRODUCT_BUNDLE_IDENTIFIER = "com.multipolar.Bank-MestikaTests";
				PRODUCT_NAME = "$(TARGET_NAME)";
				SWIFT_VERSION = 5.0;
				TARGETED_DEVICE_FAMILY = "1,2";
				TEST_HOST = "$(BUILT_PRODUCTS_DIR)/Bank Mestika.app/Bank Mestika";
			};
			name = Release;
		};
		5202BA54251B1FA300FCE527 /* Debug */ = {
			isa = XCBuildConfiguration;
			buildSettings = {
				ALWAYS_EMBED_SWIFT_STANDARD_LIBRARIES = YES;
				CODE_SIGN_STYLE = Automatic;
				DEVELOPMENT_TEAM = RPKUZP5NC7;
				INFOPLIST_FILE = "Bank MestikaUITests/Info.plist";
				LD_RUNPATH_SEARCH_PATHS = (
					"$(inherited)",
					"@executable_path/Frameworks",
					"@loader_path/Frameworks",
				);
				PRODUCT_BUNDLE_IDENTIFIER = "com.multipolar.Bank-MestikaUITests";
				PRODUCT_NAME = "$(TARGET_NAME)";
				SWIFT_VERSION = 5.0;
				TARGETED_DEVICE_FAMILY = "1,2";
				TEST_TARGET_NAME = "Bank Mestika";
			};
			name = Debug;
		};
		5202BA55251B1FA300FCE527 /* Release */ = {
			isa = XCBuildConfiguration;
			buildSettings = {
				ALWAYS_EMBED_SWIFT_STANDARD_LIBRARIES = YES;
				CODE_SIGN_STYLE = Automatic;
				DEVELOPMENT_TEAM = RPKUZP5NC7;
				INFOPLIST_FILE = "Bank MestikaUITests/Info.plist";
				LD_RUNPATH_SEARCH_PATHS = (
					"$(inherited)",
					"@executable_path/Frameworks",
					"@loader_path/Frameworks",
				);
				PRODUCT_BUNDLE_IDENTIFIER = "com.multipolar.Bank-MestikaUITests";
				PRODUCT_NAME = "$(TARGET_NAME)";
				SWIFT_VERSION = 5.0;
				TARGETED_DEVICE_FAMILY = "1,2";
				TEST_TARGET_NAME = "Bank Mestika";
			};
			name = Release;
		};
/* End XCBuildConfiguration section */

/* Begin XCConfigurationList section */
		5202BA1B251B1F9F00FCE527 /* Build configuration list for PBXProject "Bank Mestika" */ = {
			isa = XCConfigurationList;
			buildConfigurations = (
				5202BA4B251B1FA300FCE527 /* Debug */,
				5202BA4C251B1FA300FCE527 /* Release */,
			);
			defaultConfigurationIsVisible = 0;
			defaultConfigurationName = Release;
		};
		5202BA4D251B1FA300FCE527 /* Build configuration list for PBXNativeTarget "Bank Mestika" */ = {
			isa = XCConfigurationList;
			buildConfigurations = (
				5202BA4E251B1FA300FCE527 /* Debug */,
				5202BA4F251B1FA300FCE527 /* Release */,
			);
			defaultConfigurationIsVisible = 0;
			defaultConfigurationName = Release;
		};
		5202BA50251B1FA300FCE527 /* Build configuration list for PBXNativeTarget "Bank MestikaTests" */ = {
			isa = XCConfigurationList;
			buildConfigurations = (
				5202BA51251B1FA300FCE527 /* Debug */,
				5202BA52251B1FA300FCE527 /* Release */,
			);
			defaultConfigurationIsVisible = 0;
			defaultConfigurationName = Release;
		};
		5202BA53251B1FA300FCE527 /* Build configuration list for PBXNativeTarget "Bank MestikaUITests" */ = {
			isa = XCConfigurationList;
			buildConfigurations = (
				5202BA54251B1FA300FCE527 /* Debug */,
				5202BA55251B1FA300FCE527 /* Release */,
			);
			defaultConfigurationIsVisible = 0;
			defaultConfigurationName = Release;
		};
/* End XCConfigurationList section */

/* Begin XCRemoteSwiftPackageReference section */
		5294ADD82534180C0075D285 /* XCRemoteSwiftPackageReference "swiftui-navigation-stack" */ = {
			isa = XCRemoteSwiftPackageReference;
			repositoryURL = "https://github.com/matteopuc/swiftui-navigation-stack";
			requirement = {
				kind = upToNextMajorVersion;
				minimumVersion = 0.1.0;
			};
		};
		52B81DD925300D56002703E3 /* XCRemoteSwiftPackageReference "SDWebImageSwiftUI" */ = {
			isa = XCRemoteSwiftPackageReference;
			repositoryURL = "https://github.com/SDWebImage/SDWebImageSwiftUI.git";
			requirement = {
				kind = upToNextMajorVersion;
				minimumVersion = 1.5.0;
			};
		};
		52B81DDF25300DA7002703E3 /* XCRemoteSwiftPackageReference "SwiftyJSON" */ = {
			isa = XCRemoteSwiftPackageReference;
			repositoryURL = "https://github.com/SwiftyJSON/SwiftyJSON.git";
			requirement = {
				kind = upToNextMajorVersion;
				minimumVersion = 5.0.0;
			};
		};
/* End XCRemoteSwiftPackageReference section */

/* Begin XCSwiftPackageProductDependency section */
		521B5E45253EC19E0046A4DF /* SDWebImageSwiftUI */ = {
			isa = XCSwiftPackageProductDependency;
			package = 52B81DD925300D56002703E3 /* XCRemoteSwiftPackageReference "SDWebImageSwiftUI" */;
			productName = SDWebImageSwiftUI;
		};
/* End XCSwiftPackageProductDependency section */

/* Begin XCVersionGroup section */
		5202BA29251B1FA000FCE527 /* Bank_Mestika.xcdatamodeld */ = {
			isa = XCVersionGroup;
			children = (
				5202BA2A251B1FA000FCE527 /* Bank_Mestika.xcdatamodel */,
			);
			currentVersion = 5202BA2A251B1FA000FCE527 /* Bank_Mestika.xcdatamodel */;
			path = Bank_Mestika.xcdatamodeld;
			sourceTree = "<group>";
			versionGroupType = wrapper.xcdatamodel;
		};
/* End XCVersionGroup section */
	};
	rootObject = 5202BA18251B1F9F00FCE527 /* Project object */;
}
